// !$*UTF8*$!
{
	archiveVersion = 1;
	classes = {
	};
	objectVersion = 90;
	objects = {

/* Begin PBXBuildFile section */
		789CEE542EA49AA30013070D /* main.swift in Sources */ = {isa = PBXBuildFile; fileRef = 789CEE502EA49AA30013070D /* main.swift */; };
		789CEE652EA49C8D0013070D /* Handlers.swift in Sources */ = {isa = PBXBuildFile; fileRef = 789CEE642EA49C8A0013070D /* Handlers.swift */; };
		789CEE762EA4A1110013070D /* Utilities.swift in Sources */ = {isa = PBXBuildFile; fileRef = 789CEE702EA4A1110013070D /* Utilities.swift */; };
		789CEE772EA4A1110013070D /* Utilities+Device.swift in Sources */ = {isa = PBXBuildFile; fileRef = 789CEE712EA4A1110013070D /* Utilities+Device.swift */; };
		789CEE782EA4A1110013070D /* Utilities+HTTP.swift in Sources */ = {isa = PBXBuildFile; fileRef = 789CEE722EA4A1110013070D /* Utilities+HTTP.swift */; };
		789CEE792EA4A1110013070D /* Utilities+JSON.swift in Sources */ = {isa = PBXBuildFile; fileRef = 789CEE732EA4A1110013070D /* Utilities+JSON.swift */; };
		789CEE7A2EA4A1110013070D /* Utilities+Memory.swift in Sources */ = {isa = PBXBuildFile; fileRef = 789CEE742EA4A1110013070D /* Utilities+Memory.swift */; };
/* End PBXBuildFile section */

/* Begin PBXCopyFilesBuildPhase section */
		789CEE3C2EA486230013070D /* CopyFiles */ = {
			isa = PBXCopyFilesBuildPhase;
			dstPath = /usr/share/man/man1/;
			dstSubfolder = None;
			files = (
			);
			runOnlyForDeploymentPostprocessing = 1;
		};
/* End PBXCopyFilesBuildPhase section */

/* Begin PBXFileReference section */
		789BF4162EA4A58200B5164D /* K66AP.json */ = {isa = PBXFileReference; lastKnownFileType = text.json; path = K66AP.json; sourceTree = "<group>"; };
		789BF4182EA4A58200B5164D /* J33AP.json */ = {isa = PBXFileReference; lastKnownFileType = text.json; path = J33AP.json; sourceTree = "<group>"; };
		789BF4192EA4A58200B5164D /* J33IAP.json */ = {isa = PBXFileReference; lastKnownFileType = text.json; path = J33IAP.json; sourceTree = "<group>"; };
		789BF41B2EA4A58200B5164D /* J42dAP.json */ = {isa = PBXFileReference; lastKnownFileType = text.json; path = J42dAP.json; sourceTree = "<group>"; };
		789BF41D2EA4A58200B5164D /* J105aAP.json */ = {isa = PBXFileReference; lastKnownFileType = text.json; path = J105aAP.json; sourceTree = "<group>"; };
		789BF41F2EA4A58200B5164D /* J305AP.json */ = {isa = PBXFileReference; lastKnownFileType = text.json; path = J305AP.json; sourceTree = "<group>"; };
		789BF4212EA4A58200B5164D /* J255AP.json */ = {isa = PBXFileReference; lastKnownFileType = text.json; path = J255AP.json; sourceTree = "<group>"; };
		789BF4242EA4A58200B5164D /* B238aAP.json */ = {isa = PBXFileReference; lastKnownFileType = text.json; path = B238aAP.json; sourceTree = "<group>"; };
		789BF4252EA4A58200B5164D /* B238AP.json */ = {isa = PBXFileReference; lastKnownFileType = text.json; path = B238AP.json; sourceTree = "<group>"; };
		789BF4272EA4A58200B5164D /* B520AP.json */ = {isa = PBXFileReference; lastKnownFileType = text.json; path = B520AP.json; sourceTree = "<group>"; };
		789BF4292EA4A58200B5164D /* B620AP.json */ = {isa = PBXFileReference; lastKnownFileType = text.json; path = B620AP.json; sourceTree = "<group>"; };
		789BF42C2EA4A58200B5164D /* X619AP.json */ = {isa = PBXFileReference; lastKnownFileType = text.json; path = X619AP.json; sourceTree = "<group>"; };
		789BF42E2EA4A58200B5164D /* J137AP.json */ = {isa = PBXFileReference; lastKnownFileType = text.json; path = J137AP.json; sourceTree = "<group>"; };
		789BF4302EA4A58200B5164D /* J132AP.json */ = {isa = PBXFileReference; lastKnownFileType = text.json; path = J132AP.json; sourceTree = "<group>"; };
		789BF4312EA4A58200B5164D /* J140kAP.json */ = {isa = PBXFileReference; lastKnownFileType = text.json; path = J140kAP.json; sourceTree = "<group>"; };
		789BF4322EA4A58200B5164D /* J174AP.json */ = {isa = PBXFileReference; lastKnownFileType = text.json; path = J174AP.json; sourceTree = "<group>"; };
		789BF4332EA4A58200B5164D /* J680AP.json */ = {isa = PBXFileReference; lastKnownFileType = text.json; path = J680AP.json; sourceTree = "<group>"; };
		789BF4352EA4A58200B5164D /* J132AP.json */ = {isa = PBXFileReference; lastKnownFileType = text.json; path = J132AP.json; sourceTree = "<group>"; };
		789BF4362EA4A58200B5164D /* J140aAP.json */ = {isa = PBXFileReference; lastKnownFileType = text.json; path = J140aAP.json; sourceTree = "<group>"; };
		789BF4372EA4A58200B5164D /* J152fAP.json */ = {isa = PBXFileReference; lastKnownFileType = text.json; path = J152fAP.json; sourceTree = "<group>"; };
		789BF4382EA4A58200B5164D /* J160AP.json */ = {isa = PBXFileReference; lastKnownFileType = text.json; path = J160AP.json; sourceTree = "<group>"; };
		789BF4392EA4A58200B5164D /* J213AP.json */ = {isa = PBXFileReference; lastKnownFileType = text.json; path = J213AP.json; sourceTree = "<group>"; };
		789BF43A2EA4A58200B5164D /* J780AP.json */ = {isa = PBXFileReference; lastKnownFileType = text.json; path = J780AP.json; sourceTree = "<group>"; };
		789BF43C2EA4A58200B5164D /* J185AP.json */ = {isa = PBXFileReference; lastKnownFileType = text.json; path = J185AP.json; sourceTree = "<group>"; };
		789BF43D2EA4A58200B5164D /* J185fAP.json */ = {isa = PBXFileReference; lastKnownFileType = text.json; path = J185fAP.json; sourceTree = "<group>"; };
		789BF43E2EA4A58200B5164D /* J214kAP.json */ = {isa = PBXFileReference; lastKnownFileType = text.json; path = J214kAP.json; sourceTree = "<group>"; };
		789BF43F2EA4A58200B5164D /* J215AP.json */ = {isa = PBXFileReference; lastKnownFileType = text.json; path = J215AP.json; sourceTree = "<group>"; };
		789BF4402EA4A58200B5164D /* J230kAP.json */ = {isa = PBXFileReference; lastKnownFileType = text.json; path = J230kAP.json; sourceTree = "<group>"; };
		789BF4412EA4A58200B5164D /* J233AP.json */ = {isa = PBXFileReference; lastKnownFileType = text.json; path = J233AP.json; sourceTree = "<group>"; };
		789BF4442EA4A58200B5164D /* K48AP.json */ = {isa = PBXFileReference; lastKnownFileType = text.json; path = K48AP.json; sourceTree = "<group>"; };
		789BF4462EA4A58200B5164D /* K93AAP.json */ = {isa = PBXFileReference; lastKnownFileType = text.json; path = K93AAP.json; sourceTree = "<group>"; };
		789BF4472EA4A58200B5164D /* K93AP.json */ = {isa = PBXFileReference; lastKnownFileType = text.json; path = K93AP.json; sourceTree = "<group>"; };
		789BF4482EA4A58200B5164D /* K94AP.json */ = {isa = PBXFileReference; lastKnownFileType = text.json; path = K94AP.json; sourceTree = "<group>"; };
		789BF4492EA4A58200B5164D /* K95AP.json */ = {isa = PBXFileReference; lastKnownFileType = text.json; path = K95AP.json; sourceTree = "<group>"; };
		789BF44B2EA4A58200B5164D /* J1AP.json */ = {isa = PBXFileReference; lastKnownFileType = text.json; path = J1AP.json; sourceTree = "<group>"; };
		789BF44C2EA4A58200B5164D /* J2AAP.json */ = {isa = PBXFileReference; lastKnownFileType = text.json; path = J2AAP.json; sourceTree = "<group>"; };
		789BF44D2EA4A58200B5164D /* J2AP.json */ = {isa = PBXFileReference; lastKnownFileType = text.json; path = J2AP.json; sourceTree = "<group>"; };
		789BF44E2EA4A58200B5164D /* P101AP.json */ = {isa = PBXFileReference; lastKnownFileType = text.json; path = P101AP.json; sourceTree = "<group>"; };
		789BF44F2EA4A58200B5164D /* P102AP.json */ = {isa = PBXFileReference; lastKnownFileType = text.json; path = P102AP.json; sourceTree = "<group>"; };
		789BF4502EA4A58200B5164D /* P103AP.json */ = {isa = PBXFileReference; lastKnownFileType = text.json; path = P103AP.json; sourceTree = "<group>"; };
		789BF4512EA4A58200B5164D /* P105AP.json */ = {isa = PBXFileReference; lastKnownFileType = text.json; path = P105AP.json; sourceTree = "<group>"; };
		789BF4522EA4A58200B5164D /* P106AP.json */ = {isa = PBXFileReference; lastKnownFileType = text.json; path = P106AP.json; sourceTree = "<group>"; };
		789BF4532EA4A58200B5164D /* P107AP.json */ = {isa = PBXFileReference; lastKnownFileType = text.json; path = P107AP.json; sourceTree = "<group>"; };
		789BF4552EA4A58200B5164D /* J71AP.json */ = {isa = PBXFileReference; lastKnownFileType = text.json; path = J71AP.json; sourceTree = "<group>"; };
		789BF4562EA4A58200B5164D /* J72AP.json */ = {isa = PBXFileReference; lastKnownFileType = text.json; path = J72AP.json; sourceTree = "<group>"; };
		789BF4572EA4A58200B5164D /* J85AP.json */ = {isa = PBXFileReference; lastKnownFileType = text.json; path = J85AP.json; sourceTree = "<group>"; };
		789BF4582EA4A58200B5164D /* J86AP.json */ = {isa = PBXFileReference; lastKnownFileType = text.json; path = J86AP.json; sourceTree = "<group>"; };
		789BF4592EA4A58200B5164D /* J87AP.json */ = {isa = PBXFileReference; lastKnownFileType = text.json; path = J87AP.json; sourceTree = "<group>"; };
		789BF45B2EA4A58200B5164D /* J81AP.json */ = {isa = PBXFileReference; lastKnownFileType = text.json; path = J81AP.json; sourceTree = "<group>"; };
		789BF45C2EA4A58200B5164D /* J82AP.json */ = {isa = PBXFileReference; lastKnownFileType = text.json; path = J82AP.json; sourceTree = "<group>"; };
		789BF45D2EA4A58200B5164D /* J85mAP.json */ = {isa = PBXFileReference; lastKnownFileType = text.json; path = J85mAP.json; sourceTree = "<group>"; };
		789BF45E2EA4A58200B5164D /* J86mAP.json */ = {isa = PBXFileReference; lastKnownFileType = text.json; path = J86mAP.json; sourceTree = "<group>"; };
		789BF45F2EA4A58200B5164D /* J87mAP.json */ = {isa = PBXFileReference; lastKnownFileType = text.json; path = J87mAP.json; sourceTree = "<group>"; };
		789BF4612EA4A58200B5164D /* J96AP.json */ = {isa = PBXFileReference; lastKnownFileType = text.json; path = J96AP.json; sourceTree = "<group>"; };
		789BF4622EA4A58200B5164D /* J97AP.json */ = {isa = PBXFileReference; lastKnownFileType = text.json; path = J97AP.json; sourceTree = "<group>"; };
		789BF4632EA4A58200B5164D /* J98aAP.json */ = {isa = PBXFileReference; lastKnownFileType = text.json; path = J98aAP.json; sourceTree = "<group>"; };
		789BF4642EA4A58200B5164D /* J99aAP.json */ = {isa = PBXFileReference; lastKnownFileType = text.json; path = J99aAP.json; sourceTree = "<group>"; };
		789BF4652EA4A58200B5164D /* J210AP.json */ = {isa = PBXFileReference; lastKnownFileType = text.json; path = J210AP.json; sourceTree = "<group>"; };
		789BF4662EA4A58200B5164D /* J211AP.json */ = {isa = PBXFileReference; lastKnownFileType = text.json; path = J211AP.json; sourceTree = "<group>"; };
		789BF4682EA4A58200B5164D /* J127AP.json */ = {isa = PBXFileReference; lastKnownFileType = text.json; path = J127AP.json; sourceTree = "<group>"; };
		789BF4692EA4A58200B5164D /* J128AP.json */ = {isa = PBXFileReference; lastKnownFileType = text.json; path = J128AP.json; sourceTree = "<group>"; };
		789BF46B2EA4A58200B5164D /* J71sAP.json */ = {isa = PBXFileReference; lastKnownFileType = text.json; path = J71sAP.json; sourceTree = "<group>"; };
		789BF46C2EA4A58200B5164D /* J71tAP.json */ = {isa = PBXFileReference; lastKnownFileType = text.json; path = J71tAP.json; sourceTree = "<group>"; };
		789BF46D2EA4A58200B5164D /* J72sAP.json */ = {isa = PBXFileReference; lastKnownFileType = text.json; path = J72sAP.json; sourceTree = "<group>"; };
		789BF46E2EA4A58200B5164D /* J72tAP.json */ = {isa = PBXFileReference; lastKnownFileType = text.json; path = J72tAP.json; sourceTree = "<group>"; };
		789BF46F2EA4A58200B5164D /* J120AP.json */ = {isa = PBXFileReference; lastKnownFileType = text.json; path = J120AP.json; sourceTree = "<group>"; };
		789BF4702EA4A58200B5164D /* J121AP.json */ = {isa = PBXFileReference; lastKnownFileType = text.json; path = J121AP.json; sourceTree = "<group>"; };
		789BF4712EA4A58200B5164D /* J207AP.json */ = {isa = PBXFileReference; lastKnownFileType = text.json; path = J207AP.json; sourceTree = "<group>"; };
		789BF4722EA4A58200B5164D /* J208AP.json */ = {isa = PBXFileReference; lastKnownFileType = text.json; path = J208AP.json; sourceTree = "<group>"; };
		789BF4742EA4A58200B5164D /* J71bAP.json */ = {isa = PBXFileReference; lastKnownFileType = text.json; path = J71bAP.json; sourceTree = "<group>"; };
		789BF4752EA4A58200B5164D /* J72bAP.json */ = {isa = PBXFileReference; lastKnownFileType = text.json; path = J72bAP.json; sourceTree = "<group>"; };
		789BF4762EA4A58200B5164D /* J317AP.json */ = {isa = PBXFileReference; lastKnownFileType = text.json; path = J317AP.json; sourceTree = "<group>"; };
		789BF4772EA4A58200B5164D /* J317xAP.json */ = {isa = PBXFileReference; lastKnownFileType = text.json; path = J317xAP.json; sourceTree = "<group>"; };
		789BF4782EA4A58200B5164D /* J320AP.json */ = {isa = PBXFileReference; lastKnownFileType = text.json; path = J320AP.json; sourceTree = "<group>"; };
		789BF4792EA4A58200B5164D /* J320xAP.json */ = {isa = PBXFileReference; lastKnownFileType = text.json; path = J320xAP.json; sourceTree = "<group>"; };
		789BF47A2EA4A58200B5164D /* J321AP.json */ = {isa = PBXFileReference; lastKnownFileType = text.json; path = J321AP.json; sourceTree = "<group>"; };
		789BF47B2EA4A58200B5164D /* J321xAP.json */ = {isa = PBXFileReference; lastKnownFileType = text.json; path = J321xAP.json; sourceTree = "<group>"; };
		789BF47D2EA4A58200B5164D /* J171AP.json */ = {isa = PBXFileReference; lastKnownFileType = text.json; path = J171AP.json; sourceTree = "<group>"; };
		789BF47E2EA4A58200B5164D /* J172AP.json */ = {isa = PBXFileReference; lastKnownFileType = text.json; path = J172AP.json; sourceTree = "<group>"; };
		789BF47F2EA4A58200B5164D /* J217AP.json */ = {isa = PBXFileReference; lastKnownFileType = text.json; path = J217AP.json; sourceTree = "<group>"; };
		789BF4802EA4A58200B5164D /* J218AP.json */ = {isa = PBXFileReference; lastKnownFileType = text.json; path = J218AP.json; sourceTree = "<group>"; };
		789BF4822EA4A58200B5164D /* J171aAP.json */ = {isa = PBXFileReference; lastKnownFileType = text.json; path = J171aAP.json; sourceTree = "<group>"; };
		789BF4832EA4A58200B5164D /* J172aAP.json */ = {isa = PBXFileReference; lastKnownFileType = text.json; path = J172aAP.json; sourceTree = "<group>"; };
		789BF4842EA4A58200B5164D /* J307AP.json */ = {isa = PBXFileReference; lastKnownFileType = text.json; path = J307AP.json; sourceTree = "<group>"; };
		789BF4852EA4A58200B5164D /* J308AP.json */ = {isa = PBXFileReference; lastKnownFileType = text.json; path = J308AP.json; sourceTree = "<group>"; };
		789BF4862EA4A58200B5164D /* J417AP.json */ = {isa = PBXFileReference; lastKnownFileType = text.json; path = J417AP.json; sourceTree = "<group>"; };
		789BF4872EA4A58200B5164D /* J418AP.json */ = {isa = PBXFileReference; lastKnownFileType = text.json; path = J418AP.json; sourceTree = "<group>"; };
		789BF4882EA4A58200B5164D /* J420AP.json */ = {isa = PBXFileReference; lastKnownFileType = text.json; path = J420AP.json; sourceTree = "<group>"; };
		789BF4892EA4A58200B5164D /* J421AP.json */ = {isa = PBXFileReference; lastKnownFileType = text.json; path = J421AP.json; sourceTree = "<group>"; };
		789BF48B2EA4A58200B5164D /* J181AP.json */ = {isa = PBXFileReference; lastKnownFileType = text.json; path = J181AP.json; sourceTree = "<group>"; };
		789BF48C2EA4A58200B5164D /* J182AP.json */ = {isa = PBXFileReference; lastKnownFileType = text.json; path = J182AP.json; sourceTree = "<group>"; };
		789BF48D2EA4A58200B5164D /* J310AP.json */ = {isa = PBXFileReference; lastKnownFileType = text.json; path = J310AP.json; sourceTree = "<group>"; };
		789BF48E2EA4A58200B5164D /* J311AP.json */ = {isa = PBXFileReference; lastKnownFileType = text.json; path = J311AP.json; sourceTree = "<group>"; };
		789BF48F2EA4A58200B5164D /* J517AP.json */ = {isa = PBXFileReference; lastKnownFileType = text.json; path = J517AP.json; sourceTree = "<group>"; };
		789BF4902EA4A58200B5164D /* J517xAP.json */ = {isa = PBXFileReference; lastKnownFileType = text.json; path = J517xAP.json; sourceTree = "<group>"; };
		789BF4912EA4A58200B5164D /* J518AP.json */ = {isa = PBXFileReference; lastKnownFileType = text.json; path = J518AP.json; sourceTree = "<group>"; };
		789BF4922EA4A58200B5164D /* J518xAP.json */ = {isa = PBXFileReference; lastKnownFileType = text.json; path = J518xAP.json; sourceTree = "<group>"; };
		789BF4932EA4A58200B5164D /* J522AP.json */ = {isa = PBXFileReference; lastKnownFileType = text.json; path = J522AP.json; sourceTree = "<group>"; };
		789BF4942EA4A58200B5164D /* J522xAP.json */ = {isa = PBXFileReference; lastKnownFileType = text.json; path = J522xAP.json; sourceTree = "<group>"; };
		789BF4952EA4A58200B5164D /* J523AP.json */ = {isa = PBXFileReference; lastKnownFileType = text.json; path = J523AP.json; sourceTree = "<group>"; };
		789BF4962EA4A58200B5164D /* J523xAP.json */ = {isa = PBXFileReference; lastKnownFileType = text.json; path = J523xAP.json; sourceTree = "<group>"; };
		789BF4982EA4A58200B5164D /* J271AP.json */ = {isa = PBXFileReference; lastKnownFileType = text.json; path = J271AP.json; sourceTree = "<group>"; };
		789BF4992EA4A58200B5164D /* J272AP.json */ = {isa = PBXFileReference; lastKnownFileType = text.json; path = J272AP.json; sourceTree = "<group>"; };
		789BF49A2EA4A58200B5164D /* J407AP.json */ = {isa = PBXFileReference; lastKnownFileType = text.json; path = J407AP.json; sourceTree = "<group>"; };
		789BF49B2EA4A58200B5164D /* J408AP.json */ = {isa = PBXFileReference; lastKnownFileType = text.json; path = J408AP.json; sourceTree = "<group>"; };
		789BF49C2EA4A58200B5164D /* J617AP.json */ = {isa = PBXFileReference; lastKnownFileType = text.json; path = J617AP.json; sourceTree = "<group>"; };
		789BF49D2EA4A58200B5164D /* J618AP.json */ = {isa = PBXFileReference; lastKnownFileType = text.json; path = J618AP.json; sourceTree = "<group>"; };
		789BF49E2EA4A58200B5164D /* J620AP.json */ = {isa = PBXFileReference; lastKnownFileType = text.json; path = J620AP.json; sourceTree = "<group>"; };
		789BF49F2EA4A58200B5164D /* J621AP.json */ = {isa = PBXFileReference; lastKnownFileType = text.json; path = J621AP.json; sourceTree = "<group>"; };
		789BF4A12EA4A58200B5164D /* J410AP.json */ = {isa = PBXFileReference; lastKnownFileType = text.json; path = J410AP.json; sourceTree = "<group>"; };
		789BF4A22EA4A58200B5164D /* J411AP.json */ = {isa = PBXFileReference; lastKnownFileType = text.json; path = J411AP.json; sourceTree = "<group>"; };
		789BF4A32EA4A58200B5164D /* J507AP.json */ = {isa = PBXFileReference; lastKnownFileType = text.json; path = J507AP.json; sourceTree = "<group>"; };
		789BF4A42EA4A58200B5164D /* J508AP.json */ = {isa = PBXFileReference; lastKnownFileType = text.json; path = J508AP.json; sourceTree = "<group>"; };
		789BF4A52EA4A58200B5164D /* J537AP.json */ = {isa = PBXFileReference; lastKnownFileType = text.json; path = J537AP.json; sourceTree = "<group>"; };
		789BF4A62EA4A58200B5164D /* J538AP.json */ = {isa = PBXFileReference; lastKnownFileType = text.json; path = J538AP.json; sourceTree = "<group>"; };
		789BF4A72EA4A58200B5164D /* J717AP.json */ = {isa = PBXFileReference; lastKnownFileType = text.json; path = J717AP.json; sourceTree = "<group>"; };
		789BF4A82EA4A58200B5164D /* J718AP.json */ = {isa = PBXFileReference; lastKnownFileType = text.json; path = J718AP.json; sourceTree = "<group>"; };
		789BF4A92EA4A58200B5164D /* J720AP.json */ = {isa = PBXFileReference; lastKnownFileType = text.json; path = J720AP.json; sourceTree = "<group>"; };
		789BF4AA2EA4A58200B5164D /* J721AP.json */ = {isa = PBXFileReference; lastKnownFileType = text.json; path = J721AP.json; sourceTree = "<group>"; };
		789BF4AC2EA4A58200B5164D /* J481AP.json */ = {isa = PBXFileReference; lastKnownFileType = text.json; path = J481AP.json; sourceTree = "<group>"; };
		789BF4AD2EA4A58200B5164D /* J482AP.json */ = {isa = PBXFileReference; lastKnownFileType = text.json; path = J482AP.json; sourceTree = "<group>"; };
		789BF4AE2EA4A58200B5164D /* J603AP.json */ = {isa = PBXFileReference; lastKnownFileType = text.json; path = J603AP.json; sourceTree = "<group>"; };
		789BF4AF2EA4A58200B5164D /* J608AP.json */ = {isa = PBXFileReference; lastKnownFileType = text.json; path = J608AP.json; sourceTree = "<group>"; };
		789BF4B02EA4A58200B5164D /* J637AP.json */ = {isa = PBXFileReference; lastKnownFileType = text.json; path = J637AP.json; sourceTree = "<group>"; };
		789BF4B12EA4A58200B5164D /* J817AP.json */ = {isa = PBXFileReference; lastKnownFileType = text.json; path = J817AP.json; sourceTree = "<group>"; };
		789BF4B22EA4A58200B5164D /* J818AP.json */ = {isa = PBXFileReference; lastKnownFileType = text.json; path = J818AP.json; sourceTree = "<group>"; };
		789BF4B32EA4A58200B5164D /* J820AP.json */ = {isa = PBXFileReference; lastKnownFileType = text.json; path = J820AP.json; sourceTree = "<group>"; };
		789BF4B42EA4A58200B5164D /* J821AP.json */ = {isa = PBXFileReference; lastKnownFileType = text.json; path = J821AP.json; sourceTree = "<group>"; };
		789BF4B72EA4A58200B5164D /* M68AP.json */ = {isa = PBXFileReference; lastKnownFileType = text.json; path = M68AP.json; sourceTree = "<group>"; };
		789BF4B92EA4A58200B5164D /* N82AP.json */ = {isa = PBXFileReference; lastKnownFileType = text.json; path = N82AP.json; sourceTree = "<group>"; };
		789BF4BB2EA4A58200B5164D /* N88AP.json */ = {isa = PBXFileReference; lastKnownFileType = text.json; path = N88AP.json; sourceTree = "<group>"; };
		789BF4BD2EA4A58200B5164D /* N90AP.json */ = {isa = PBXFileReference; lastKnownFileType = text.json; path = N90AP.json; sourceTree = "<group>"; };
		789BF4BE2EA4A58200B5164D /* N90BAP.json */ = {isa = PBXFileReference; lastKnownFileType = text.json; path = N90BAP.json; sourceTree = "<group>"; };
		789BF4BF2EA4A58200B5164D /* N92AP.json */ = {isa = PBXFileReference; lastKnownFileType = text.json; path = N92AP.json; sourceTree = "<group>"; };
		789BF4C12EA4A58200B5164D /* N94AP.json */ = {isa = PBXFileReference; lastKnownFileType = text.json; path = N94AP.json; sourceTree = "<group>"; };
		789BF4C32EA4A58200B5164D /* N41AP.json */ = {isa = PBXFileReference; lastKnownFileType = text.json; path = N41AP.json; sourceTree = "<group>"; };
		789BF4C42EA4A58200B5164D /* N42AP.json */ = {isa = PBXFileReference; lastKnownFileType = text.json; path = N42AP.json; sourceTree = "<group>"; };
		789BF4C62EA4A58200B5164D /* N48AP.json */ = {isa = PBXFileReference; lastKnownFileType = text.json; path = N48AP.json; sourceTree = "<group>"; };
		789BF4C72EA4A58200B5164D /* N49AP.json */ = {isa = PBXFileReference; lastKnownFileType = text.json; path = N49AP.json; sourceTree = "<group>"; };
		789BF4C82EA4A58200B5164D /* N51AP.json */ = {isa = PBXFileReference; lastKnownFileType = text.json; path = N51AP.json; sourceTree = "<group>"; };
		789BF4C92EA4A58200B5164D /* N53AP.json */ = {isa = PBXFileReference; lastKnownFileType = text.json; path = N53AP.json; sourceTree = "<group>"; };
		789BF4CB2EA4A58200B5164D /* N56AP.json */ = {isa = PBXFileReference; lastKnownFileType = text.json; path = N56AP.json; sourceTree = "<group>"; };
		789BF4CC2EA4A58200B5164D /* N61AP.json */ = {isa = PBXFileReference; lastKnownFileType = text.json; path = N61AP.json; sourceTree = "<group>"; };
		789BF4CE2EA4A58200B5164D /* N66AP.json */ = {isa = PBXFileReference; lastKnownFileType = text.json; path = N66AP.json; sourceTree = "<group>"; };
		789BF4CF2EA4A58200B5164D /* N66mAP.json */ = {isa = PBXFileReference; lastKnownFileType = text.json; path = N66mAP.json; sourceTree = "<group>"; };
		789BF4D02EA4A58200B5164D /* N71AP.json */ = {isa = PBXFileReference; lastKnownFileType = text.json; path = N71AP.json; sourceTree = "<group>"; };
		789BF4D12EA4A58200B5164D /* N71mAP.json */ = {isa = PBXFileReference; lastKnownFileType = text.json; path = N71mAP.json; sourceTree = "<group>"; };
		789BF4D32EA4A58200B5164D /* D10AP.json */ = {isa = PBXFileReference; lastKnownFileType = text.json; path = D10AP.json; sourceTree = "<group>"; };
		789BF4D42EA4A58200B5164D /* D11AP.json */ = {isa = PBXFileReference; lastKnownFileType = text.json; path = D11AP.json; sourceTree = "<group>"; };
		789BF4D52EA4A58200B5164D /* D101AP.json */ = {isa = PBXFileReference; lastKnownFileType = text.json; path = D101AP.json; sourceTree = "<group>"; };
		789BF4D62EA4A58200B5164D /* D111AP.json */ = {isa = PBXFileReference; lastKnownFileType = text.json; path = D111AP.json; sourceTree = "<group>"; };
		789BF4D72EA4A58200B5164D /* N69AP.json */ = {isa = PBXFileReference; lastKnownFileType = text.json; path = N69AP.json; sourceTree = "<group>"; };
		789BF4D82EA4A58200B5164D /* N69uAP.json */ = {isa = PBXFileReference; lastKnownFileType = text.json; path = N69uAP.json; sourceTree = "<group>"; };
		789BF4DA2EA4A58200B5164D /* D20AP.json */ = {isa = PBXFileReference; lastKnownFileType = text.json; path = D20AP.json; sourceTree = "<group>"; };
		789BF4DB2EA4A58200B5164D /* D21AP.json */ = {isa = PBXFileReference; lastKnownFileType = text.json; path = D21AP.json; sourceTree = "<group>"; };
		789BF4DC2EA4A58200B5164D /* D22AP.json */ = {isa = PBXFileReference; lastKnownFileType = text.json; path = D22AP.json; sourceTree = "<group>"; };
		789BF4DD2EA4A58200B5164D /* D201AP.json */ = {isa = PBXFileReference; lastKnownFileType = text.json; path = D201AP.json; sourceTree = "<group>"; };
		789BF4DE2EA4A58200B5164D /* D211AP.json */ = {isa = PBXFileReference; lastKnownFileType = text.json; path = D211AP.json; sourceTree = "<group>"; };
		789BF4DF2EA4A58200B5164D /* D221AP.json */ = {isa = PBXFileReference; lastKnownFileType = text.json; path = D221AP.json; sourceTree = "<group>"; };
		789BF4E12EA4A58200B5164D /* D321AP.json */ = {isa = PBXFileReference; lastKnownFileType = text.json; path = D321AP.json; sourceTree = "<group>"; };
		789BF4E22EA4A58200B5164D /* D331AP.json */ = {isa = PBXFileReference; lastKnownFileType = text.json; path = D331AP.json; sourceTree = "<group>"; };
		789BF4E32EA4A58200B5164D /* D331pAP.json */ = {isa = PBXFileReference; lastKnownFileType = text.json; path = D331pAP.json; sourceTree = "<group>"; };
		789BF4E42EA4A58200B5164D /* N841AP.json */ = {isa = PBXFileReference; lastKnownFileType = text.json; path = N841AP.json; sourceTree = "<group>"; };
		789BF4E62EA4A58200B5164D /* D421AP.json */ = {isa = PBXFileReference; lastKnownFileType = text.json; path = D421AP.json; sourceTree = "<group>"; };
		789BF4E72EA4A58200B5164D /* D431AP.json */ = {isa = PBXFileReference; lastKnownFileType = text.json; path = D431AP.json; sourceTree = "<group>"; };
		789BF4E82EA4A58200B5164D /* N104AP.json */ = {isa = PBXFileReference; lastKnownFileType = text.json; path = N104AP.json; sourceTree = "<group>"; };
		789BF4EA2EA4A58200B5164D /* D52gAP.json */ = {isa = PBXFileReference; lastKnownFileType = text.json; path = D52gAP.json; sourceTree = "<group>"; };
		789BF4EB2EA4A58200B5164D /* D53gAP.json */ = {isa = PBXFileReference; lastKnownFileType = text.json; path = D53gAP.json; sourceTree = "<group>"; };
		789BF4EC2EA4A58200B5164D /* D53pAP.json */ = {isa = PBXFileReference; lastKnownFileType = text.json; path = D53pAP.json; sourceTree = "<group>"; };
		789BF4ED2EA4A58200B5164D /* D54pAP.json */ = {isa = PBXFileReference; lastKnownFileType = text.json; path = D54pAP.json; sourceTree = "<group>"; };
		789BF4EE2EA4A58200B5164D /* D79AP.json */ = {isa = PBXFileReference; lastKnownFileType = text.json; path = D79AP.json; sourceTree = "<group>"; };
		789BF4F02EA4A58200B5164D /* D16AP.json */ = {isa = PBXFileReference; lastKnownFileType = text.json; path = D16AP.json; sourceTree = "<group>"; };
		789BF4F12EA4A58200B5164D /* D17AP.json */ = {isa = PBXFileReference; lastKnownFileType = text.json; path = D17AP.json; sourceTree = "<group>"; };
		789BF4F22EA4A58200B5164D /* D63AP.json */ = {isa = PBXFileReference; lastKnownFileType = text.json; path = D63AP.json; sourceTree = "<group>"; };
		789BF4F32EA4A58200B5164D /* D64AP.json */ = {isa = PBXFileReference; lastKnownFileType = text.json; path = D64AP.json; sourceTree = "<group>"; };
		789BF4F52EA4A58200B5164D /* D27AP.json */ = {isa = PBXFileReference; lastKnownFileType = text.json; path = D27AP.json; sourceTree = "<group>"; };
		789BF4F62EA4A58200B5164D /* D28AP.json */ = {isa = PBXFileReference; lastKnownFileType = text.json; path = D28AP.json; sourceTree = "<group>"; };
		789BF4F72EA4A58200B5164D /* D49AP.json */ = {isa = PBXFileReference; lastKnownFileType = text.json; path = D49AP.json; sourceTree = "<group>"; };
		789BF4F82EA4A58200B5164D /* D73AP.json */ = {isa = PBXFileReference; lastKnownFileType = text.json; path = D73AP.json; sourceTree = "<group>"; };
		789BF4F92EA4A58200B5164D /* D74AP.json */ = {isa = PBXFileReference; lastKnownFileType = text.json; path = D74AP.json; sourceTree = "<group>"; };
		789BF4FB2EA4A58200B5164D /* D37AP.json */ = {isa = PBXFileReference; lastKnownFileType = text.json; path = D37AP.json; sourceTree = "<group>"; };
		789BF4FC2EA4A58200B5164D /* D38AP.json */ = {isa = PBXFileReference; lastKnownFileType = text.json; path = D38AP.json; sourceTree = "<group>"; };
		789BF4FD2EA4A58200B5164D /* D83AP.json */ = {isa = PBXFileReference; lastKnownFileType = text.json; path = D83AP.json; sourceTree = "<group>"; };
		789BF4FE2EA4A58200B5164D /* D84AP.json */ = {isa = PBXFileReference; lastKnownFileType = text.json; path = D84AP.json; sourceTree = "<group>"; };
		789BF5002EA4A58200B5164D /* D47AP.json */ = {isa = PBXFileReference; lastKnownFileType = text.json; path = D47AP.json; sourceTree = "<group>"; };
		789BF5012EA4A58200B5164D /* D48AP.json */ = {isa = PBXFileReference; lastKnownFileType = text.json; path = D48AP.json; sourceTree = "<group>"; };
		789BF5022EA4A58200B5164D /* D93AP.json */ = {isa = PBXFileReference; lastKnownFileType = text.json; path = D93AP.json; sourceTree = "<group>"; };
		789BF5032EA4A58200B5164D /* D94AP.json */ = {isa = PBXFileReference; lastKnownFileType = text.json; path = D94AP.json; sourceTree = "<group>"; };
		789BF5052EA4A58200B5164D /* D23AP.json */ = {isa = PBXFileReference; lastKnownFileType = text.json; path = D23AP.json; sourceTree = "<group>"; };
		789BF5062EA4A58200B5164D /* V53AP.json */ = {isa = PBXFileReference; lastKnownFileType = text.json; path = V53AP.json; sourceTree = "<group>"; };
		789BF5072EA4A58200B5164D /* V54AP.json */ = {isa = PBXFileReference; lastKnownFileType = text.json; path = V54AP.json; sourceTree = "<group>"; };
		789BF5082EA4A58200B5164D /* V57AP.json */ = {isa = PBXFileReference; lastKnownFileType = text.json; path = V57AP.json; sourceTree = "<group>"; };
		789BF5092EA4A58200B5164D /* V59AP.json */ = {isa = PBXFileReference; lastKnownFileType = text.json; path = V59AP.json; sourceTree = "<group>"; };
		789BF50C2EA4A58200B5164D /* N45AP.json */ = {isa = PBXFileReference; lastKnownFileType = text.json; path = N45AP.json; sourceTree = "<group>"; };
		789BF50E2EA4A58200B5164D /* N72AP.json */ = {isa = PBXFileReference; lastKnownFileType = text.json; path = N72AP.json; sourceTree = "<group>"; };
		789BF5102EA4A58200B5164D /* N18AP.json */ = {isa = PBXFileReference; lastKnownFileType = text.json; path = N18AP.json; sourceTree = "<group>"; };
		789BF5122EA4A58200B5164D /* N81AP.json */ = {isa = PBXFileReference; lastKnownFileType = text.json; path = N81AP.json; sourceTree = "<group>"; };
		789BF5142EA4A58200B5164D /* N78aAP.json */ = {isa = PBXFileReference; lastKnownFileType = text.json; path = N78aAP.json; sourceTree = "<group>"; };
		789BF5152EA4A58200B5164D /* N78AP.json */ = {isa = PBXFileReference; lastKnownFileType = text.json; path = N78AP.json; sourceTree = "<group>"; };
		789BF5172EA4A58200B5164D /* N102AP.json */ = {isa = PBXFileReference; lastKnownFileType = text.json; path = N102AP.json; sourceTree = "<group>"; };
		789BF5192EA4A58200B5164D /* N112AP.json */ = {isa = PBXFileReference; lastKnownFileType = text.json; path = N112AP.json; sourceTree = "<group>"; };
		789BF51C2EA4A58200B5164D /* J273aAP.json */ = {isa = PBXFileReference; lastKnownFileType = text.json; path = J273aAP.json; sourceTree = "<group>"; };
		789BF51D2EA4A58200B5164D /* J274AP.json */ = {isa = PBXFileReference; lastKnownFileType = text.json; path = J274AP.json; sourceTree = "<group>"; };
		789BF51E2EA4A58200B5164D /* J293AP.json */ = {isa = PBXFileReference; lastKnownFileType = text.json; path = J293AP.json; sourceTree = "<group>"; };
		789BF51F2EA4A58200B5164D /* J313AP.json */ = {isa = PBXFileReference; lastKnownFileType = text.json; path = J313AP.json; sourceTree = "<group>"; };
		789BF5212EA4A58200B5164D /* J314cAP.json */ = {isa = PBXFileReference; lastKnownFileType = text.json; path = J314cAP.json; sourceTree = "<group>"; };
		789BF5222EA4A58200B5164D /* J314sAP.json */ = {isa = PBXFileReference; lastKnownFileType = text.json; path = J314sAP.json; sourceTree = "<group>"; };
		789BF5232EA4A58200B5164D /* J316cAP.json */ = {isa = PBXFileReference; lastKnownFileType = text.json; path = J316cAP.json; sourceTree = "<group>"; };
		789BF5242EA4A58200B5164D /* J316sAP.json */ = {isa = PBXFileReference; lastKnownFileType = text.json; path = J316sAP.json; sourceTree = "<group>"; };
		789BF5252EA4A58200B5164D /* J456AP.json */ = {isa = PBXFileReference; lastKnownFileType = text.json; path = J456AP.json; sourceTree = "<group>"; };
		789BF5262EA4A58200B5164D /* J457AP.json */ = {isa = PBXFileReference; lastKnownFileType = text.json; path = J457AP.json; sourceTree = "<group>"; };
		789BF5282EA4A58200B5164D /* J375cAP.json */ = {isa = PBXFileReference; lastKnownFileType = text.json; path = J375cAP.json; sourceTree = "<group>"; };
		789BF5292EA4A58200B5164D /* J375dAP.json */ = {isa = PBXFileReference; lastKnownFileType = text.json; path = J375dAP.json; sourceTree = "<group>"; };
		789BF52A2EA4A58200B5164D /* J413AP.json */ = {isa = PBXFileReference; lastKnownFileType = text.json; path = J413AP.json; sourceTree = "<group>"; };
		789BF52B2EA4A58200B5164D /* J493AP.json */ = {isa = PBXFileReference; lastKnownFileType = text.json; path = J493AP.json; sourceTree = "<group>"; };
		789BF52D2EA4A58200B5164D /* J180dAP.json */ = {isa = PBXFileReference; lastKnownFileType = text.json; path = J180dAP.json; sourceTree = "<group>"; };
		789BF52E2EA4A58200B5164D /* J414cAP.json */ = {isa = PBXFileReference; lastKnownFileType = text.json; path = J414cAP.json; sourceTree = "<group>"; };
		789BF52F2EA4A58200B5164D /* J414sAP.json */ = {isa = PBXFileReference; lastKnownFileType = text.json; path = J414sAP.json; sourceTree = "<group>"; };
		789BF5302EA4A58200B5164D /* J415AP.json */ = {isa = PBXFileReference; lastKnownFileType = text.json; path = J415AP.json; sourceTree = "<group>"; };
		789BF5312EA4A58200B5164D /* J416cAP.json */ = {isa = PBXFileReference; lastKnownFileType = text.json; path = J416cAP.json; sourceTree = "<group>"; };
		789BF5322EA4A58200B5164D /* J416sAP.json */ = {isa = PBXFileReference; lastKnownFileType = text.json; path = J416sAP.json; sourceTree = "<group>"; };
		789BF5332EA4A58200B5164D /* J433AP.json */ = {isa = PBXFileReference; lastKnownFileType = text.json; path = J433AP.json; sourceTree = "<group>"; };
		789BF5342EA4A58200B5164D /* J434AP.json */ = {isa = PBXFileReference; lastKnownFileType = text.json; path = J434AP.json; sourceTree = "<group>"; };
		789BF5352EA4A58200B5164D /* J473AP.json */ = {isa = PBXFileReference; lastKnownFileType = text.json; path = J473AP.json; sourceTree = "<group>"; };
		789BF5362EA4A58200B5164D /* J473sAP.json */ = {isa = PBXFileReference; lastKnownFileType = text.json; path = J473sAP.json; sourceTree = "<group>"; };
		789BF5372EA4A58200B5164D /* J475cAP.json */ = {isa = PBXFileReference; lastKnownFileType = text.json; path = J475cAP.json; sourceTree = "<group>"; };
		789BF5382EA4A58200B5164D /* J475dAP.json */ = {isa = PBXFileReference; lastKnownFileType = text.json; path = J475dAP.json; sourceTree = "<group>"; };
		789BF5392EA4A58200B5164D /* J504AP.json */ = {isa = PBXFileReference; lastKnownFileType = text.json; path = J504AP.json; sourceTree = "<group>"; };
		789BF53A2EA4A58200B5164D /* J514cAP.json */ = {isa = PBXFileReference; lastKnownFileType = text.json; path = J514cAP.json; sourceTree = "<group>"; };
		789BF53B2EA4A58200B5164D /* J514mAP.json */ = {isa = PBXFileReference; lastKnownFileType = text.json; path = J514mAP.json; sourceTree = "<group>"; };
		789BF53C2EA4A58200B5164D /* J514sAP.json */ = {isa = PBXFileReference; lastKnownFileType = text.json; path = J514sAP.json; sourceTree = "<group>"; };
		789BF53D2EA4A58200B5164D /* J516cAP.json */ = {isa = PBXFileReference; lastKnownFileType = text.json; path = J516cAP.json; sourceTree = "<group>"; };
		789BF53E2EA4A58200B5164D /* J516mAP.json */ = {isa = PBXFileReference; lastKnownFileType = text.json; path = J516mAP.json; sourceTree = "<group>"; };
		789BF53F2EA4A58200B5164D /* J516sAP.json */ = {isa = PBXFileReference; lastKnownFileType = text.json; path = J516sAP.json; sourceTree = "<group>"; };
		789BF5412EA4A58200B5164D /* J604AP.json */ = {isa = PBXFileReference; lastKnownFileType = text.json; path = J604AP.json; sourceTree = "<group>"; };
		789BF5422EA4A58200B5164D /* J613AP.json */ = {isa = PBXFileReference; lastKnownFileType = text.json; path = J613AP.json; sourceTree = "<group>"; };
		789BF5432EA4A58200B5164D /* J614cAP.json */ = {isa = PBXFileReference; lastKnownFileType = text.json; path = J614cAP.json; sourceTree = "<group>"; };
		789BF5442EA4A58200B5164D /* J614sAP.json */ = {isa = PBXFileReference; lastKnownFileType = text.json; path = J614sAP.json; sourceTree = "<group>"; };
		789BF5452EA4A58200B5164D /* J615AP.json */ = {isa = PBXFileReference; lastKnownFileType = text.json; path = J615AP.json; sourceTree = "<group>"; };
		789BF5462EA4A58200B5164D /* J616cAP.json */ = {isa = PBXFileReference; lastKnownFileType = text.json; path = J616cAP.json; sourceTree = "<group>"; };
		789BF5472EA4A58200B5164D /* J616sAP.json */ = {isa = PBXFileReference; lastKnownFileType = text.json; path = J616sAP.json; sourceTree = "<group>"; };
		789BF5482EA4A58200B5164D /* J623AP.json */ = {isa = PBXFileReference; lastKnownFileType = text.json; path = J623AP.json; sourceTree = "<group>"; };
		789BF5492EA4A58200B5164D /* J624AP.json */ = {isa = PBXFileReference; lastKnownFileType = text.json; path = J624AP.json; sourceTree = "<group>"; };
		789BF54A2EA4A58200B5164D /* J773gAP.json */ = {isa = PBXFileReference; lastKnownFileType = text.json; path = J773gAP.json; sourceTree = "<group>"; };
		789BF54B2EA4A58200B5164D /* J773sAP.json */ = {isa = PBXFileReference; lastKnownFileType = text.json; path = J773sAP.json; sourceTree = "<group>"; };
		789BF54D2EA4A58200B5164D /* J575cAP.json */ = {isa = PBXFileReference; lastKnownFileType = text.json; path = J575cAP.json; sourceTree = "<group>"; };
		789BF54E2EA4A58200B5164D /* J575dAP.json */ = {isa = PBXFileReference; lastKnownFileType = text.json; path = J575dAP.json; sourceTree = "<group>"; };
		789BF54F2EA4A58200B5164D /* J704AP.json */ = {isa = PBXFileReference; lastKnownFileType = text.json; path = J704AP.json; sourceTree = "<group>"; };
		789BF5502EA4A58200B5164D /* J713AP.json */ = {isa = PBXFileReference; lastKnownFileType = text.json; path = J713AP.json; sourceTree = "<group>"; };
		789BF5512EA4A58200B5164D /* J715AP.json */ = {isa = PBXFileReference; lastKnownFileType = text.json; path = J715AP.json; sourceTree = "<group>"; };
		789BF5542EA4A58200B5164D /* B137AP.json */ = {isa = PBXFileReference; lastKnownFileType = text.json; path = B137AP.json; sourceTree = "<group>"; };
		789BF5552EA4A58200B5164D /* B165AP.json */ = {isa = PBXFileReference; lastKnownFileType = text.json; path = B165AP.json; sourceTree = "<group>"; };
		789BF5572EA4A58200B5164D /* B222AP.json */ = {isa = PBXFileReference; lastKnownFileType = text.json; path = B222AP.json; sourceTree = "<group>"; };
		789BF5592EA4A58200B5164D /* B188AP.json */ = {isa = PBXFileReference; lastKnownFileType = text.json; path = B188AP.json; sourceTree = "<group>"; };
		789BF55B2EA4A58200B5164D /* B332AP.json */ = {isa = PBXFileReference; lastKnownFileType = text.json; path = B332AP.json; sourceTree = "<group>"; };
		789BF55D2EA4A58200B5164D /* B288AP.json */ = {isa = PBXFileReference; lastKnownFileType = text.json; path = B288AP.json; sourceTree = "<group>"; };
		789BF55E2EA4A58200B5164D /* B298AP.json */ = {isa = PBXFileReference; lastKnownFileType = text.json; path = B298AP.json; sourceTree = "<group>"; };
		789BF55F2EA4A58200B5164D /* J290AP.json */ = {isa = PBXFileReference; lastKnownFileType = text.json; path = J290AP.json; sourceTree = "<group>"; };
		789BF5612EA4A58200B5164D /* B515AP.json */ = {isa = PBXFileReference; lastKnownFileType = text.json; path = B515AP.json; sourceTree = "<group>"; };
		789BF5632EA4A58200B5164D /* B389AP.json */ = {isa = PBXFileReference; lastKnownFileType = text.json; path = B389AP.json; sourceTree = "<group>"; };
		789BF5642EA4A58200B5164D /* B688AP.json */ = {isa = PBXFileReference; lastKnownFileType = text.json; path = B688AP.json; sourceTree = "<group>"; };
		789BF5652EA4A58200B5164D /* vmacos2ap.json */ = {isa = PBXFileReference; lastKnownFileType = text.json; path = vmacos2ap.json; sourceTree = "<group>"; };
		789BF5672EA4A58200B5164D /* B698AP.json */ = {isa = PBXFileReference; lastKnownFileType = text.json; path = B698AP.json; sourceTree = "<group>"; };
		789BF5682EA4A58200B5164D /* J327AP.json */ = {isa = PBXFileReference; lastKnownFileType = text.json; path = J327AP.json; sourceTree = "<group>"; };
		789BF56A2EA4A58200B5164D /* B482AP.json */ = {isa = PBXFileReference; lastKnownFileType = text.json; path = B482AP.json; sourceTree = "<group>"; };
		789BF56B2EA4A58200B5164D /* B698AP.json */ = {isa = PBXFileReference; lastKnownFileType = text.json; path = B698AP.json; sourceTree = "<group>"; };
		789BF56D2EA4A58200B5164D /* B515AP.json */ = {isa = PBXFileReference; lastKnownFileType = text.json; path = B515AP.json; sourceTree = "<group>"; };
		789BF56E2EA4A58200B5164D /* B532AP.json */ = {isa = PBXFileReference; lastKnownFileType = text.json; path = B532AP.json; sourceTree = "<group>"; };
		789BF56F2EA4A58200B5164D /* B768EAP.json */ = {isa = PBXFileReference; lastKnownFileType = text.json; path = B768EAP.json; sourceTree = "<group>"; };
		789BF5702EA4A58200B5164D /* B768MAP.json */ = {isa = PBXFileReference; lastKnownFileType = text.json; path = B768MAP.json; sourceTree = "<group>"; };
		789BF5712EA4A58200B5164D /* J236cAP.json */ = {isa = PBXFileReference; lastKnownFileType = text.json; path = J236cAP.json; sourceTree = "<group>"; };
		789BF5722EA4A58200B5164D /* N301AP.json */ = {isa = PBXFileReference; lastKnownFileType = text.json; path = N301AP.json; sourceTree = "<group>"; };
		789BF5732EA4A58200B5164D /* vresearch101ap.json */ = {isa = PBXFileReference; lastKnownFileType = text.json; path = vresearch101ap.json; sourceTree = "<group>"; };
		789BF5752EA4A58200B5164D /* B747AP.json */ = {isa = PBXFileReference; lastKnownFileType = text.json; path = B747AP.json; sourceTree = "<group>"; };
		789BF5762EA4A58200B5164D /* B788AP.json */ = {isa = PBXFileReference; lastKnownFileType = text.json; path = B788AP.json; sourceTree = "<group>"; };
		789BF5772EA4A58200B5164D /* N301aAP.json */ = {isa = PBXFileReference; lastKnownFileType = text.json; path = N301aAP.json; sourceTree = "<group>"; };
		789BF57A2EA4A58200B5164D /* N27aAP.json */ = {isa = PBXFileReference; lastKnownFileType = text.json; path = N27aAP.json; sourceTree = "<group>"; };
		789BF57B2EA4A58200B5164D /* N28aAP.json */ = {isa = PBXFileReference; lastKnownFileType = text.json; path = N28aAP.json; sourceTree = "<group>"; };
		789BF57D2EA4A58200B5164D /* N27dAP.json */ = {isa = PBXFileReference; lastKnownFileType = text.json; path = N27dAP.json; sourceTree = "<group>"; };
		789BF57E2EA4A58200B5164D /* N28dAP.json */ = {isa = PBXFileReference; lastKnownFileType = text.json; path = N28dAP.json; sourceTree = "<group>"; };
		789BF57F2EA4A58200B5164D /* N74AP.json */ = {isa = PBXFileReference; lastKnownFileType = text.json; path = N74AP.json; sourceTree = "<group>"; };
		789BF5802EA4A58200B5164D /* N75AP.json */ = {isa = PBXFileReference; lastKnownFileType = text.json; path = N75AP.json; sourceTree = "<group>"; };
		789BF5822EA4A58200B5164D /* N111bAP.json */ = {isa = PBXFileReference; lastKnownFileType = text.json; path = N111bAP.json; sourceTree = "<group>"; };
		789BF5832EA4A58200B5164D /* N111sAP.json */ = {isa = PBXFileReference; lastKnownFileType = text.json; path = N111sAP.json; sourceTree = "<group>"; };
		789BF5842EA4A58200B5164D /* N121bAP.json */ = {isa = PBXFileReference; lastKnownFileType = text.json; path = N121bAP.json; sourceTree = "<group>"; };
		789BF5852EA4A58200B5164D /* N121sAP.json */ = {isa = PBXFileReference; lastKnownFileType = text.json; path = N121sAP.json; sourceTree = "<group>"; };
		789BF5872EA4A58200B5164D /* N131bAP.json */ = {isa = PBXFileReference; lastKnownFileType = text.json; path = N131bAP.json; sourceTree = "<group>"; };
		789BF5882EA4A58200B5164D /* N131sAP.json */ = {isa = PBXFileReference; lastKnownFileType = text.json; path = N131sAP.json; sourceTree = "<group>"; };
		789BF5892EA4A58200B5164D /* N141bAP.json */ = {isa = PBXFileReference; lastKnownFileType = text.json; path = N141bAP.json; sourceTree = "<group>"; };
		789BF58A2EA4A58200B5164D /* N141sAP.json */ = {isa = PBXFileReference; lastKnownFileType = text.json; path = N141sAP.json; sourceTree = "<group>"; };
		789BF58C2EA4A58200B5164D /* N144bAP.json */ = {isa = PBXFileReference; lastKnownFileType = text.json; path = N144bAP.json; sourceTree = "<group>"; };
		789BF58D2EA4A58200B5164D /* N144sAP.json */ = {isa = PBXFileReference; lastKnownFileType = text.json; path = N144sAP.json; sourceTree = "<group>"; };
		789BF58E2EA4A58200B5164D /* N146bAP.json */ = {isa = PBXFileReference; lastKnownFileType = text.json; path = N146bAP.json; sourceTree = "<group>"; };
		789BF58F2EA4A58200B5164D /* N146sAP.json */ = {isa = PBXFileReference; lastKnownFileType = text.json; path = N146sAP.json; sourceTree = "<group>"; };
		789BF5912EA4A58200B5164D /* N140bAP.json */ = {isa = PBXFileReference; lastKnownFileType = text.json; path = N140bAP.json; sourceTree = "<group>"; };
		789BF5922EA4A58200B5164D /* N140sAP.json */ = {isa = PBXFileReference; lastKnownFileType = text.json; path = N140sAP.json; sourceTree = "<group>"; };
		789BF5932EA4A58200B5164D /* N142bAP.json */ = {isa = PBXFileReference; lastKnownFileType = text.json; path = N142bAP.json; sourceTree = "<group>"; };
		789BF5942EA4A58200B5164D /* N142sAP.json */ = {isa = PBXFileReference; lastKnownFileType = text.json; path = N142sAP.json; sourceTree = "<group>"; };
		789BF5952EA4A58200B5164D /* N157bAP.json */ = {isa = PBXFileReference; lastKnownFileType = text.json; path = N157bAP.json; sourceTree = "<group>"; };
		789BF5962EA4A58200B5164D /* N157sAP.json */ = {isa = PBXFileReference; lastKnownFileType = text.json; path = N157sAP.json; sourceTree = "<group>"; };
		789BF5972EA4A58200B5164D /* N158bAP.json */ = {isa = PBXFileReference; lastKnownFileType = text.json; path = N158bAP.json; sourceTree = "<group>"; };
		789BF5982EA4A58200B5164D /* N158sAP.json */ = {isa = PBXFileReference; lastKnownFileType = text.json; path = N158sAP.json; sourceTree = "<group>"; };
		789BF59A2EA4A58200B5164D /* N187bAP.json */ = {isa = PBXFileReference; lastKnownFileType = text.json; path = N187bAP.json; sourceTree = "<group>"; };
		789BF59B2EA4A58200B5164D /* N187sAP.json */ = {isa = PBXFileReference; lastKnownFileType = text.json; path = N187sAP.json; sourceTree = "<group>"; };
		789BF59C2EA4A58200B5164D /* N188bAP.json */ = {isa = PBXFileReference; lastKnownFileType = text.json; path = N188bAP.json; sourceTree = "<group>"; };
		789BF59D2EA4A58200B5164D /* N188sAP.json */ = {isa = PBXFileReference; lastKnownFileType = text.json; path = N188sAP.json; sourceTree = "<group>"; };
		789BF59F2EA4A58200B5164D /* N143bAP.json */ = {isa = PBXFileReference; lastKnownFileType = text.json; path = N143bAP.json; sourceTree = "<group>"; };
		789BF5A02EA4A58200B5164D /* N143sAP.json */ = {isa = PBXFileReference; lastKnownFileType = text.json; path = N143sAP.json; sourceTree = "<group>"; };
		789BF5A12EA4A58200B5164D /* N149bAP.json */ = {isa = PBXFileReference; lastKnownFileType = text.json; path = N149bAP.json; sourceTree = "<group>"; };
		789BF5A22EA4A58200B5164D /* N149sAP.json */ = {isa = PBXFileReference; lastKnownFileType = text.json; path = N149sAP.json; sourceTree = "<group>"; };
		789BF5A32EA4A58200B5164D /* N197bAP.json */ = {isa = PBXFileReference; lastKnownFileType = text.json; path = N197bAP.json; sourceTree = "<group>"; };
		789BF5A42EA4A58200B5164D /* N197sAP.json */ = {isa = PBXFileReference; lastKnownFileType = text.json; path = N197sAP.json; sourceTree = "<group>"; };
		789BF5A52EA4A58200B5164D /* N198bAP.json */ = {isa = PBXFileReference; lastKnownFileType = text.json; path = N198bAP.json; sourceTree = "<group>"; };
		789BF5A62EA4A58200B5164D /* N198sAP.json */ = {isa = PBXFileReference; lastKnownFileType = text.json; path = N198sAP.json; sourceTree = "<group>"; };
		789BF5A72EA4A58200B5164D /* N199AP.json */ = {isa = PBXFileReference; lastKnownFileType = text.json; path = N199AP.json; sourceTree = "<group>"; };
		789BF5A92EA4A58200B5164D /* N207bAP.json */ = {isa = PBXFileReference; lastKnownFileType = text.json; path = N207bAP.json; sourceTree = "<group>"; };
		789BF5AA2EA4A58200B5164D /* N207sAP.json */ = {isa = PBXFileReference; lastKnownFileType = text.json; path = N207sAP.json; sourceTree = "<group>"; };
		789BF5AB2EA4A58200B5164D /* N208bAP.json */ = {isa = PBXFileReference; lastKnownFileType = text.json; path = N208bAP.json; sourceTree = "<group>"; };
		789BF5AC2EA4A58200B5164D /* N208sAP.json */ = {isa = PBXFileReference; lastKnownFileType = text.json; path = N208sAP.json; sourceTree = "<group>"; };
		789BF5AD2EA4A58200B5164D /* N210AP.json */ = {isa = PBXFileReference; lastKnownFileType = text.json; path = N210AP.json; sourceTree = "<group>"; };
		789BF5AF2EA4A58200B5164D /* N217bAP.json */ = {isa = PBXFileReference; lastKnownFileType = text.json; path = N217bAP.json; sourceTree = "<group>"; };
		789BF5B02EA4A58200B5164D /* N217sAP.json */ = {isa = PBXFileReference; lastKnownFileType = text.json; path = N217sAP.json; sourceTree = "<group>"; };
		789BF5B12EA4A58200B5164D /* N218bAP.json */ = {isa = PBXFileReference; lastKnownFileType = text.json; path = N218bAP.json; sourceTree = "<group>"; };
		789BF5B22EA4A58200B5164D /* N218sAP.json */ = {isa = PBXFileReference; lastKnownFileType = text.json; path = N218sAP.json; sourceTree = "<group>"; };
		789BF5B42EA4A58200B5164D /* N227bAP.json */ = {isa = PBXFileReference; lastKnownFileType = text.json; path = N227bAP.json; sourceTree = "<group>"; };
		789BF5B52EA4A58200B5164D /* N227sAP.json */ = {isa = PBXFileReference; lastKnownFileType = text.json; path = N227sAP.json; sourceTree = "<group>"; };
		789BF5B62EA4A58200B5164D /* N228bAP.json */ = {isa = PBXFileReference; lastKnownFileType = text.json; path = N228bAP.json; sourceTree = "<group>"; };
		789BF5B72EA4A58200B5164D /* N228sAP.json */ = {isa = PBXFileReference; lastKnownFileType = text.json; path = N228sAP.json; sourceTree = "<group>"; };
		789BF5B82EA4A58200B5164D /* N230AP.json */ = {isa = PBXFileReference; lastKnownFileType = text.json; path = N230AP.json; sourceTree = "<group>"; };
		789BF5B92EA4A58200B5164D /* N243bAP.json */ = {isa = PBXFileReference; lastKnownFileType = text.json; path = N243bAP.json; sourceTree = "<group>"; };
		789BF5BA2EA4A58200B5164D /* N243sAP.json */ = {isa = PBXFileReference; lastKnownFileType = text.json; path = N243sAP.json; sourceTree = "<group>"; };
		789BF5BB2EA4A58200B5164D /* N244bAP.json */ = {isa = PBXFileReference; lastKnownFileType = text.json; path = N244bAP.json; sourceTree = "<group>"; };
		789BF5BC2EA4A58200B5164D /* N244sAP.json */ = {isa = PBXFileReference; lastKnownFileType = text.json; path = N244sAP.json; sourceTree = "<group>"; };
		789BF5C02EA4A58200B5164D /* missing_identifiers.log */ = {isa = PBXFileReference; lastKnownFileType = text; path = missing_identifiers.log; sourceTree = "<group>"; };
		789BF5C12EA4A58200B5164D /* skipped_rows.log */ = {isa = PBXFileReference; lastKnownFileType = text; path = skipped_rows.log; sourceTree = "<group>"; };
		789BF5C32EA4A58200B5164D /* csv-to-json.py */ = {isa = PBXFileReference; lastKnownFileType = text.script.python; path = "csv-to-json.py"; sourceTree = "<group>"; };
		789BF5C42EA4A58200B5164D /* mapping-generator.py */ = {isa = PBXFileReference; lastKnownFileType = text.script.python; path = "mapping-generator.py"; sourceTree = "<group>"; };
		789BF5C52EA4A58200B5164D /* sheet.csv */ = {isa = PBXFileReference; lastKnownFileType = text; path = sheet.csv; sourceTree = "<group>"; };
		789BF5C62EA4A58200B5164D /* template.json */ = {isa = PBXFileReference; lastKnownFileType = text.json; path = template.json; sourceTree = "<group>"; };
		789BF5C82EA4A58200B5164D /* json-format.md */ = {isa = PBXFileReference; lastKnownFileType = net.daringfireball.markdown; path = "json-format.md"; sourceTree = "<group>"; };
		789BF5CA2EA4A58200B5164D /* boardconfigs.json */ = {isa = PBXFileReference; lastKnownFileType = text.json; path = boardconfigs.json; sourceTree = "<group>"; };
		789BF5CB2EA4A58200B5164D /* identifiers.json */ = {isa = PBXFileReference; lastKnownFileType = text.json; path = identifiers.json; sourceTree = "<group>"; };
		789BF5CC2EA4A58200B5164D /* models.json */ = {isa = PBXFileReference; lastKnownFileType = text.json; path = models.json; sourceTree = "<group>"; };
		789BF5CE2EA4A58200B5164D /* .gitignore */ = {isa = PBXFileReference; lastKnownFileType = text; path = .gitignore; sourceTree = "<group>"; };
		789BF5CF2EA4A58200B5164D /* Labradorite-Server */ = {isa = PBXFileReference; lastKnownFileType = "compiled.mach-o.executable"; path = "Labradorite-Server"; sourceTree = "<group>"; };
		789BF5D02EA4A58200B5164D /* README.md */ = {isa = PBXFileReference; lastKnownFileType = net.daringfireball.markdown; path = README.md; sourceTree = "<group>"; };
		789CEE3E2EA486230013070D /* labradorite-server */ = {isa = PBXFileReference; explicitFileType = "compiled.mach-o.executable"; includeInIndex = 0; path = "labradorite-server"; sourceTree = BUILT_PRODUCTS_DIR; };
		789CEE502EA49AA30013070D /* main.swift */ = {isa = PBXFileReference; lastKnownFileType = sourcecode.swift; path = main.swift; sourceTree = "<group>"; };
		789CEE642EA49C8A0013070D /* Handlers.swift */ = {isa = PBXFileReference; lastKnownFileType = sourcecode.swift; path = Handlers.swift; sourceTree = "<group>"; };
		789CEE702EA4A1110013070D /* Utilities.swift */ = {isa = PBXFileReference; lastKnownFileType = sourcecode.swift; path = Utilities.swift; sourceTree = "<group>"; };
		789CEE712EA4A1110013070D /* Utilities+Device.swift */ = {isa = PBXFileReference; lastKnownFileType = sourcecode.swift; path = "Utilities+Device.swift"; sourceTree = "<group>"; };
		789CEE722EA4A1110013070D /* Utilities+HTTP.swift */ = {isa = PBXFileReference; lastKnownFileType = sourcecode.swift; path = "Utilities+HTTP.swift"; sourceTree = "<group>"; };
		789CEE732EA4A1110013070D /* Utilities+JSON.swift */ = {isa = PBXFileReference; lastKnownFileType = sourcecode.swift; path = "Utilities+JSON.swift"; sourceTree = "<group>"; };
		789CEE742EA4A1110013070D /* Utilities+Memory.swift */ = {isa = PBXFileReference; lastKnownFileType = sourcecode.swift; path = "Utilities+Memory.swift"; sourceTree = "<group>"; };
		789CEE972EA4A2C90013070D /* Codesigning.xcconfig */ = {isa = PBXFileReference; lastKnownFileType = text.xcconfig; name = Codesigning.xcconfig; path = ../Codesigning.xcconfig; sourceTree = SOURCE_ROOT; };
/* End PBXFileReference section */

/* Begin PBXFrameworksBuildPhase section */
		789CEE3B2EA486230013070D /* Frameworks */ = {
			isa = PBXFrameworksBuildPhase;
			files = (
			);
		};
/* End PBXFrameworksBuildPhase section */

/* Begin PBXGroup section */
		789BF4172EA4A58200B5164D /* 2010 */ = {
			isa = PBXGroup;
			children = (
				789BF4162EA4A58200B5164D /* K66AP.json */,
			);
			path = 2010;
			sourceTree = "<group>";
		};
		789BF41A2EA4A58200B5164D /* 2012 */ = {
			isa = PBXGroup;
			children = (
				789BF4182EA4A58200B5164D /* J33AP.json */,
				789BF4192EA4A58200B5164D /* J33IAP.json */,
			);
			path = 2012;
			sourceTree = "<group>";
		};
		789BF41C2EA4A58200B5164D /* 2015 */ = {
			isa = PBXGroup;
			children = (
				789BF41B2EA4A58200B5164D /* J42dAP.json */,
			);
			path = 2015;
			sourceTree = "<group>";
		};
		789BF41E2EA4A58200B5164D /* 2017 */ = {
			isa = PBXGroup;
			children = (
				789BF41D2EA4A58200B5164D /* J105aAP.json */,
			);
			path = 2017;
			sourceTree = "<group>";
		};
		789BF4202EA4A58200B5164D /* 2021 */ = {
			isa = PBXGroup;
			children = (
				789BF41F2EA4A58200B5164D /* J305AP.json */,
			);
			path = 2021;
			sourceTree = "<group>";
		};
		789BF4222EA4A58200B5164D /* 2022 */ = {
			isa = PBXGroup;
			children = (
				789BF4212EA4A58200B5164D /* J255AP.json */,
			);
			path = 2022;
			sourceTree = "<group>";
		};
		789BF4232EA4A58200B5164D /* appletv */ = {
			isa = PBXGroup;
			children = (
				789BF4172EA4A58200B5164D /* 2010 */,
				789BF41A2EA4A58200B5164D /* 2012 */,
				789BF41C2EA4A58200B5164D /* 2015 */,
				789BF41E2EA4A58200B5164D /* 2017 */,
				789BF4202EA4A58200B5164D /* 2021 */,
				789BF4222EA4A58200B5164D /* 2022 */,
			);
			path = appletv;
			sourceTree = "<group>";
		};
		789BF4262EA4A58200B5164D /* 2018 */ = {
			isa = PBXGroup;
			children = (
				789BF4242EA4A58200B5164D /* B238aAP.json */,
				789BF4252EA4A58200B5164D /* B238AP.json */,
			);
			path = 2018;
			sourceTree = "<group>";
		};
		789BF4282EA4A58200B5164D /* 2020 */ = {
			isa = PBXGroup;
			children = (
				789BF4272EA4A58200B5164D /* B520AP.json */,
			);
			path = 2020;
			sourceTree = "<group>";
		};
		789BF42A2EA4A58200B5164D /* 2023 */ = {
			isa = PBXGroup;
			children = (
				789BF4292EA4A58200B5164D /* B620AP.json */,
			);
			path = 2023;
			sourceTree = "<group>";
		};
		789BF42B2EA4A58200B5164D /* audioaccessory */ = {
			isa = PBXGroup;
			children = (
				789BF4262EA4A58200B5164D /* 2018 */,
				789BF4282EA4A58200B5164D /* 2020 */,
				789BF42A2EA4A58200B5164D /* 2023 */,
			);
			path = audioaccessory;
			sourceTree = "<group>";
		};
		789BF42D2EA4A58200B5164D /* 2016 */ = {
			isa = PBXGroup;
			children = (
				789BF42C2EA4A58200B5164D /* X619AP.json */,
			);
			path = 2016;
			sourceTree = "<group>";
		};
		789BF42F2EA4A58200B5164D /* 2017 */ = {
			isa = PBXGroup;
			children = (
				789BF42E2EA4A58200B5164D /* J137AP.json */,
			);
			path = 2017;
			sourceTree = "<group>";
		};
		789BF4342EA4A58200B5164D /* 2018 */ = {
			isa = PBXGroup;
			children = (
				789BF4302EA4A58200B5164D /* J132AP.json */,
				789BF4312EA4A58200B5164D /* J140kAP.json */,
				789BF4322EA4A58200B5164D /* J174AP.json */,
				789BF4332EA4A58200B5164D /* J680AP.json */,
			);
			path = 2018;
			sourceTree = "<group>";
		};
		789BF43B2EA4A58200B5164D /* 2019 */ = {
			isa = PBXGroup;
			children = (
				789BF4352EA4A58200B5164D /* J132AP.json */,
				789BF4362EA4A58200B5164D /* J140aAP.json */,
				789BF4372EA4A58200B5164D /* J152fAP.json */,
				789BF4382EA4A58200B5164D /* J160AP.json */,
				789BF4392EA4A58200B5164D /* J213AP.json */,
				789BF43A2EA4A58200B5164D /* J780AP.json */,
			);
			path = 2019;
			sourceTree = "<group>";
		};
		789BF4422EA4A58200B5164D /* 2020 */ = {
			isa = PBXGroup;
			children = (
				789BF43C2EA4A58200B5164D /* J185AP.json */,
				789BF43D2EA4A58200B5164D /* J185fAP.json */,
				789BF43E2EA4A58200B5164D /* J214kAP.json */,
				789BF43F2EA4A58200B5164D /* J215AP.json */,
				789BF4402EA4A58200B5164D /* J230kAP.json */,
				789BF4412EA4A58200B5164D /* J233AP.json */,
			);
			path = 2020;
			sourceTree = "<group>";
		};
		789BF4432EA4A58200B5164D /* ibridge */ = {
			isa = PBXGroup;
			children = (
				789BF42D2EA4A58200B5164D /* 2016 */,
				789BF42F2EA4A58200B5164D /* 2017 */,
				789BF4342EA4A58200B5164D /* 2018 */,
				789BF43B2EA4A58200B5164D /* 2019 */,
				789BF4422EA4A58200B5164D /* 2020 */,
			);
			path = ibridge;
			sourceTree = "<group>";
		};
		789BF4452EA4A58200B5164D /* 2010 */ = {
			isa = PBXGroup;
			children = (
				789BF4442EA4A58200B5164D /* K48AP.json */,
			);
			path = 2010;
			sourceTree = "<group>";
		};
		789BF44A2EA4A58200B5164D /* 2011 */ = {
			isa = PBXGroup;
			children = (
				789BF4462EA4A58200B5164D /* K93AAP.json */,
				789BF4472EA4A58200B5164D /* K93AP.json */,
				789BF4482EA4A58200B5164D /* K94AP.json */,
				789BF4492EA4A58200B5164D /* K95AP.json */,
			);
			path = 2011;
			sourceTree = "<group>";
		};
		789BF4542EA4A58200B5164D /* 2012 */ = {
			isa = PBXGroup;
			children = (
				789BF44B2EA4A58200B5164D /* J1AP.json */,
				789BF44C2EA4A58200B5164D /* J2AAP.json */,
				789BF44D2EA4A58200B5164D /* J2AP.json */,
				789BF44E2EA4A58200B5164D /* P101AP.json */,
				789BF44F2EA4A58200B5164D /* P102AP.json */,
				789BF4502EA4A58200B5164D /* P103AP.json */,
				789BF4512EA4A58200B5164D /* P105AP.json */,
				789BF4522EA4A58200B5164D /* P106AP.json */,
				789BF4532EA4A58200B5164D /* P107AP.json */,
			);
			path = 2012;
			sourceTree = "<group>";
		};
		789BF45A2EA4A58200B5164D /* 2013 */ = {
			isa = PBXGroup;
			children = (
				789BF4552EA4A58200B5164D /* J71AP.json */,
				789BF4562EA4A58200B5164D /* J72AP.json */,
				789BF4572EA4A58200B5164D /* J85AP.json */,
				789BF4582EA4A58200B5164D /* J86AP.json */,
				789BF4592EA4A58200B5164D /* J87AP.json */,
			);
			path = 2013;
			sourceTree = "<group>";
		};
		789BF4602EA4A58200B5164D /* 2014 */ = {
			isa = PBXGroup;
			children = (
				789BF45B2EA4A58200B5164D /* J81AP.json */,
				789BF45C2EA4A58200B5164D /* J82AP.json */,
				789BF45D2EA4A58200B5164D /* J85mAP.json */,
				789BF45E2EA4A58200B5164D /* J86mAP.json */,
				789BF45F2EA4A58200B5164D /* J87mAP.json */,
			);
			path = 2014;
			sourceTree = "<group>";
		};
		789BF4672EA4A58200B5164D /* 2015 */ = {
			isa = PBXGroup;
			children = (
				789BF4612EA4A58200B5164D /* J96AP.json */,
				789BF4622EA4A58200B5164D /* J97AP.json */,
				789BF4632EA4A58200B5164D /* J98aAP.json */,
				789BF4642EA4A58200B5164D /* J99aAP.json */,
				789BF4652EA4A58200B5164D /* J210AP.json */,
				789BF4662EA4A58200B5164D /* J211AP.json */,
			);
			path = 2015;
			sourceTree = "<group>";
		};
		789BF46A2EA4A58200B5164D /* 2016 */ = {
			isa = PBXGroup;
			children = (
				789BF4682EA4A58200B5164D /* J127AP.json */,
				789BF4692EA4A58200B5164D /* J128AP.json */,
			);
			path = 2016;
			sourceTree = "<group>";
		};
		789BF4732EA4A58200B5164D /* 2017 */ = {
			isa = PBXGroup;
			children = (
				789BF46B2EA4A58200B5164D /* J71sAP.json */,
				789BF46C2EA4A58200B5164D /* J71tAP.json */,
				789BF46D2EA4A58200B5164D /* J72sAP.json */,
				789BF46E2EA4A58200B5164D /* J72tAP.json */,
				789BF46F2EA4A58200B5164D /* J120AP.json */,
				789BF4702EA4A58200B5164D /* J121AP.json */,
				789BF4712EA4A58200B5164D /* J207AP.json */,
				789BF4722EA4A58200B5164D /* J208AP.json */,
			);
			path = 2017;
			sourceTree = "<group>";
		};
		789BF47C2EA4A58200B5164D /* 2018 */ = {
			isa = PBXGroup;
			children = (
				789BF4742EA4A58200B5164D /* J71bAP.json */,
				789BF4752EA4A58200B5164D /* J72bAP.json */,
				789BF4762EA4A58200B5164D /* J317AP.json */,
				789BF4772EA4A58200B5164D /* J317xAP.json */,
				789BF4782EA4A58200B5164D /* J320AP.json */,
				789BF4792EA4A58200B5164D /* J320xAP.json */,
				789BF47A2EA4A58200B5164D /* J321AP.json */,
				789BF47B2EA4A58200B5164D /* J321xAP.json */,
			);
			path = 2018;
			sourceTree = "<group>";
		};
		789BF4812EA4A58200B5164D /* 2019 */ = {
			isa = PBXGroup;
			children = (
				789BF47D2EA4A58200B5164D /* J171AP.json */,
				789BF47E2EA4A58200B5164D /* J172AP.json */,
				789BF47F2EA4A58200B5164D /* J217AP.json */,
				789BF4802EA4A58200B5164D /* J218AP.json */,
			);
			path = 2019;
			sourceTree = "<group>";
		};
		789BF48A2EA4A58200B5164D /* 2020 */ = {
			isa = PBXGroup;
			children = (
				789BF4822EA4A58200B5164D /* J171aAP.json */,
				789BF4832EA4A58200B5164D /* J172aAP.json */,
				789BF4842EA4A58200B5164D /* J307AP.json */,
				789BF4852EA4A58200B5164D /* J308AP.json */,
				789BF4862EA4A58200B5164D /* J417AP.json */,
				789BF4872EA4A58200B5164D /* J418AP.json */,
				789BF4882EA4A58200B5164D /* J420AP.json */,
				789BF4892EA4A58200B5164D /* J421AP.json */,
			);
			path = 2020;
			sourceTree = "<group>";
		};
		789BF4972EA4A58200B5164D /* 2021 */ = {
			isa = PBXGroup;
			children = (
				789BF48B2EA4A58200B5164D /* J181AP.json */,
				789BF48C2EA4A58200B5164D /* J182AP.json */,
				789BF48D2EA4A58200B5164D /* J310AP.json */,
				789BF48E2EA4A58200B5164D /* J311AP.json */,
				789BF48F2EA4A58200B5164D /* J517AP.json */,
				789BF4902EA4A58200B5164D /* J517xAP.json */,
				789BF4912EA4A58200B5164D /* J518AP.json */,
				789BF4922EA4A58200B5164D /* J518xAP.json */,
				789BF4932EA4A58200B5164D /* J522AP.json */,
				789BF4942EA4A58200B5164D /* J522xAP.json */,
				789BF4952EA4A58200B5164D /* J523AP.json */,
				789BF4962EA4A58200B5164D /* J523xAP.json */,
			);
			path = 2021;
			sourceTree = "<group>";
		};
		789BF4A02EA4A58200B5164D /* 2022 */ = {
			isa = PBXGroup;
			children = (
				789BF4982EA4A58200B5164D /* J271AP.json */,
				789BF4992EA4A58200B5164D /* J272AP.json */,
				789BF49A2EA4A58200B5164D /* J407AP.json */,
				789BF49B2EA4A58200B5164D /* J408AP.json */,
				789BF49C2EA4A58200B5164D /* J617AP.json */,
				789BF49D2EA4A58200B5164D /* J618AP.json */,
				789BF49E2EA4A58200B5164D /* J620AP.json */,
				789BF49F2EA4A58200B5164D /* J621AP.json */,
			);
			path = 2022;
			sourceTree = "<group>";
		};
		789BF4AB2EA4A58200B5164D /* 2024 */ = {
			isa = PBXGroup;
			children = (
				789BF4A12EA4A58200B5164D /* J410AP.json */,
				789BF4A22EA4A58200B5164D /* J411AP.json */,
				789BF4A32EA4A58200B5164D /* J507AP.json */,
				789BF4A42EA4A58200B5164D /* J508AP.json */,
				789BF4A52EA4A58200B5164D /* J537AP.json */,
				789BF4A62EA4A58200B5164D /* J538AP.json */,
				789BF4A72EA4A58200B5164D /* J717AP.json */,
				789BF4A82EA4A58200B5164D /* J718AP.json */,
				789BF4A92EA4A58200B5164D /* J720AP.json */,
				789BF4AA2EA4A58200B5164D /* J721AP.json */,
			);
			path = 2024;
			sourceTree = "<group>";
		};
		789BF4B52EA4A58200B5164D /* 2025 */ = {
			isa = PBXGroup;
			children = (
				789BF4AC2EA4A58200B5164D /* J481AP.json */,
				789BF4AD2EA4A58200B5164D /* J482AP.json */,
				789BF4AE2EA4A58200B5164D /* J603AP.json */,
				789BF4AF2EA4A58200B5164D /* J608AP.json */,
				789BF4B02EA4A58200B5164D /* J637AP.json */,
				789BF4B12EA4A58200B5164D /* J817AP.json */,
				789BF4B22EA4A58200B5164D /* J818AP.json */,
				789BF4B32EA4A58200B5164D /* J820AP.json */,
				789BF4B42EA4A58200B5164D /* J821AP.json */,
			);
			path = 2025;
			sourceTree = "<group>";
		};
		789BF4B62EA4A58200B5164D /* ipad */ = {
			isa = PBXGroup;
			children = (
				789BF4452EA4A58200B5164D /* 2010 */,
				789BF44A2EA4A58200B5164D /* 2011 */,
				789BF4542EA4A58200B5164D /* 2012 */,
				789BF45A2EA4A58200B5164D /* 2013 */,
				789BF4602EA4A58200B5164D /* 2014 */,
				789BF4672EA4A58200B5164D /* 2015 */,
				789BF46A2EA4A58200B5164D /* 2016 */,
				789BF4732EA4A58200B5164D /* 2017 */,
				789BF47C2EA4A58200B5164D /* 2018 */,
				789BF4812EA4A58200B5164D /* 2019 */,
				789BF48A2EA4A58200B5164D /* 2020 */,
				789BF4972EA4A58200B5164D /* 2021 */,
				789BF4A02EA4A58200B5164D /* 2022 */,
				789BF4AB2EA4A58200B5164D /* 2024 */,
				789BF4B52EA4A58200B5164D /* 2025 */,
			);
			path = ipad;
			sourceTree = "<group>";
		};
		789BF4B82EA4A58200B5164D /* 2007 */ = {
			isa = PBXGroup;
			children = (
				789BF4B72EA4A58200B5164D /* M68AP.json */,
			);
			path = 2007;
			sourceTree = "<group>";
		};
		789BF4BA2EA4A58200B5164D /* 2008 */ = {
			isa = PBXGroup;
			children = (
				789BF4B92EA4A58200B5164D /* N82AP.json */,
			);
			path = 2008;
			sourceTree = "<group>";
		};
		789BF4BC2EA4A58200B5164D /* 2009 */ = {
			isa = PBXGroup;
			children = (
				789BF4BB2EA4A58200B5164D /* N88AP.json */,
			);
			path = 2009;
			sourceTree = "<group>";
		};
		789BF4C02EA4A58200B5164D /* 2010 */ = {
			isa = PBXGroup;
			children = (
				789BF4BD2EA4A58200B5164D /* N90AP.json */,
				789BF4BE2EA4A58200B5164D /* N90BAP.json */,
				789BF4BF2EA4A58200B5164D /* N92AP.json */,
			);
			path = 2010;
			sourceTree = "<group>";
		};
		789BF4C22EA4A58200B5164D /* 2011 */ = {
			isa = PBXGroup;
			children = (
				789BF4C12EA4A58200B5164D /* N94AP.json */,
			);
			path = 2011;
			sourceTree = "<group>";
		};
		789BF4C52EA4A58200B5164D /* 2012 */ = {
			isa = PBXGroup;
			children = (
				789BF4C32EA4A58200B5164D /* N41AP.json */,
				789BF4C42EA4A58200B5164D /* N42AP.json */,
			);
			path = 2012;
			sourceTree = "<group>";
		};
		789BF4CA2EA4A58200B5164D /* 2013 */ = {
			isa = PBXGroup;
			children = (
				789BF4C62EA4A58200B5164D /* N48AP.json */,
				789BF4C72EA4A58200B5164D /* N49AP.json */,
				789BF4C82EA4A58200B5164D /* N51AP.json */,
				789BF4C92EA4A58200B5164D /* N53AP.json */,
			);
			path = 2013;
			sourceTree = "<group>";
		};
		789BF4CD2EA4A58200B5164D /* 2014 */ = {
			isa = PBXGroup;
			children = (
				789BF4CB2EA4A58200B5164D /* N56AP.json */,
				789BF4CC2EA4A58200B5164D /* N61AP.json */,
			);
			path = 2014;
			sourceTree = "<group>";
		};
		789BF4D22EA4A58200B5164D /* 2015 */ = {
			isa = PBXGroup;
			children = (
				789BF4CE2EA4A58200B5164D /* N66AP.json */,
				789BF4CF2EA4A58200B5164D /* N66mAP.json */,
				789BF4D02EA4A58200B5164D /* N71AP.json */,
				789BF4D12EA4A58200B5164D /* N71mAP.json */,
			);
			path = 2015;
			sourceTree = "<group>";
		};
		789BF4D92EA4A58200B5164D /* 2016 */ = {
			isa = PBXGroup;
			children = (
				789BF4D32EA4A58200B5164D /* D10AP.json */,
				789BF4D42EA4A58200B5164D /* D11AP.json */,
				789BF4D52EA4A58200B5164D /* D101AP.json */,
				789BF4D62EA4A58200B5164D /* D111AP.json */,
				789BF4D72EA4A58200B5164D /* N69AP.json */,
				789BF4D82EA4A58200B5164D /* N69uAP.json */,
			);
			path = 2016;
			sourceTree = "<group>";
		};
		789BF4E02EA4A58200B5164D /* 2017 */ = {
			isa = PBXGroup;
			children = (
				789BF4DA2EA4A58200B5164D /* D20AP.json */,
				789BF4DB2EA4A58200B5164D /* D21AP.json */,
				789BF4DC2EA4A58200B5164D /* D22AP.json */,
				789BF4DD2EA4A58200B5164D /* D201AP.json */,
				789BF4DE2EA4A58200B5164D /* D211AP.json */,
				789BF4DF2EA4A58200B5164D /* D221AP.json */,
			);
			path = 2017;
			sourceTree = "<group>";
		};
		789BF4E52EA4A58200B5164D /* 2018 */ = {
			isa = PBXGroup;
			children = (
				789BF4E12EA4A58200B5164D /* D321AP.json */,
				789BF4E22EA4A58200B5164D /* D331AP.json */,
				789BF4E32EA4A58200B5164D /* D331pAP.json */,
				789BF4E42EA4A58200B5164D /* N841AP.json */,
			);
			path = 2018;
			sourceTree = "<group>";
		};
		789BF4E92EA4A58200B5164D /* 2019 */ = {
			isa = PBXGroup;
			children = (
				789BF4E62EA4A58200B5164D /* D421AP.json */,
				789BF4E72EA4A58200B5164D /* D431AP.json */,
				789BF4E82EA4A58200B5164D /* N104AP.json */,
			);
			path = 2019;
			sourceTree = "<group>";
		};
		789BF4EF2EA4A58200B5164D /* 2020 */ = {
			isa = PBXGroup;
			children = (
				789BF4EA2EA4A58200B5164D /* D52gAP.json */,
				789BF4EB2EA4A58200B5164D /* D53gAP.json */,
				789BF4EC2EA4A58200B5164D /* D53pAP.json */,
				789BF4ED2EA4A58200B5164D /* D54pAP.json */,
				789BF4EE2EA4A58200B5164D /* D79AP.json */,
			);
			path = 2020;
			sourceTree = "<group>";
		};
		789BF4F42EA4A58200B5164D /* 2021 */ = {
			isa = PBXGroup;
			children = (
				789BF4F02EA4A58200B5164D /* D16AP.json */,
				789BF4F12EA4A58200B5164D /* D17AP.json */,
				789BF4F22EA4A58200B5164D /* D63AP.json */,
				789BF4F32EA4A58200B5164D /* D64AP.json */,
			);
			path = 2021;
			sourceTree = "<group>";
		};
		789BF4FA2EA4A58200B5164D /* 2022 */ = {
			isa = PBXGroup;
			children = (
				789BF4F52EA4A58200B5164D /* D27AP.json */,
				789BF4F62EA4A58200B5164D /* D28AP.json */,
				789BF4F72EA4A58200B5164D /* D49AP.json */,
				789BF4F82EA4A58200B5164D /* D73AP.json */,
				789BF4F92EA4A58200B5164D /* D74AP.json */,
			);
			path = 2022;
			sourceTree = "<group>";
		};
		789BF4FF2EA4A58200B5164D /* 2023 */ = {
			isa = PBXGroup;
			children = (
				789BF4FB2EA4A58200B5164D /* D37AP.json */,
				789BF4FC2EA4A58200B5164D /* D38AP.json */,
				789BF4FD2EA4A58200B5164D /* D83AP.json */,
				789BF4FE2EA4A58200B5164D /* D84AP.json */,
			);
			path = 2023;
			sourceTree = "<group>";
		};
		789BF5042EA4A58200B5164D /* 2024 */ = {
			isa = PBXGroup;
			children = (
				789BF5002EA4A58200B5164D /* D47AP.json */,
				789BF5012EA4A58200B5164D /* D48AP.json */,
				789BF5022EA4A58200B5164D /* D93AP.json */,
				789BF5032EA4A58200B5164D /* D94AP.json */,
			);
			path = 2024;
			sourceTree = "<group>";
		};
		789BF50A2EA4A58200B5164D /* 2025 */ = {
			isa = PBXGroup;
			children = (
				789BF5052EA4A58200B5164D /* D23AP.json */,
				789BF5062EA4A58200B5164D /* V53AP.json */,
				789BF5072EA4A58200B5164D /* V54AP.json */,
				789BF5082EA4A58200B5164D /* V57AP.json */,
				789BF5092EA4A58200B5164D /* V59AP.json */,
			);
			path = 2025;
			sourceTree = "<group>";
		};
		789BF50B2EA4A58200B5164D /* iphone */ = {
			isa = PBXGroup;
			children = (
				789BF4B82EA4A58200B5164D /* 2007 */,
				789BF4BA2EA4A58200B5164D /* 2008 */,
				789BF4BC2EA4A58200B5164D /* 2009 */,
				789BF4C02EA4A58200B5164D /* 2010 */,
				789BF4C22EA4A58200B5164D /* 2011 */,
				789BF4C52EA4A58200B5164D /* 2012 */,
				789BF4CA2EA4A58200B5164D /* 2013 */,
				789BF4CD2EA4A58200B5164D /* 2014 */,
				789BF4D22EA4A58200B5164D /* 2015 */,
				789BF4D92EA4A58200B5164D /* 2016 */,
				789BF4E02EA4A58200B5164D /* 2017 */,
				789BF4E52EA4A58200B5164D /* 2018 */,
				789BF4E92EA4A58200B5164D /* 2019 */,
				789BF4EF2EA4A58200B5164D /* 2020 */,
				789BF4F42EA4A58200B5164D /* 2021 */,
				789BF4FA2EA4A58200B5164D /* 2022 */,
				789BF4FF2EA4A58200B5164D /* 2023 */,
				789BF5042EA4A58200B5164D /* 2024 */,
				789BF50A2EA4A58200B5164D /* 2025 */,
			);
			path = iphone;
			sourceTree = "<group>";
		};
		789BF50D2EA4A58200B5164D /* 2007 */ = {
			isa = PBXGroup;
			children = (
				789BF50C2EA4A58200B5164D /* N45AP.json */,
			);
			path = 2007;
			sourceTree = "<group>";
		};
		789BF50F2EA4A58200B5164D /* 2008 */ = {
			isa = PBXGroup;
			children = (
				789BF50E2EA4A58200B5164D /* N72AP.json */,
			);
			path = 2008;
			sourceTree = "<group>";
		};
		789BF5112EA4A58200B5164D /* 2009 */ = {
			isa = PBXGroup;
			children = (
				789BF5102EA4A58200B5164D /* N18AP.json */,
			);
			path = 2009;
			sourceTree = "<group>";
		};
		789BF5132EA4A58200B5164D /* 2010 */ = {
			isa = PBXGroup;
			children = (
				789BF5122EA4A58200B5164D /* N81AP.json */,
			);
			path = 2010;
			sourceTree = "<group>";
		};
		789BF5162EA4A58200B5164D /* 2012 */ = {
			isa = PBXGroup;
			children = (
				789BF5142EA4A58200B5164D /* N78aAP.json */,
				789BF5152EA4A58200B5164D /* N78AP.json */,
			);
			path = 2012;
			sourceTree = "<group>";
		};
		789BF5182EA4A58200B5164D /* 2015 */ = {
			isa = PBXGroup;
			children = (
				789BF5172EA4A58200B5164D /* N102AP.json */,
			);
			path = 2015;
			sourceTree = "<group>";
		};
		789BF51A2EA4A58200B5164D /* 2019 */ = {
			isa = PBXGroup;
			children = (
				789BF5192EA4A58200B5164D /* N112AP.json */,
			);
			path = 2019;
			sourceTree = "<group>";
		};
		789BF51B2EA4A58200B5164D /* ipod */ = {
			isa = PBXGroup;
			children = (
				789BF50D2EA4A58200B5164D /* 2007 */,
				789BF50F2EA4A58200B5164D /* 2008 */,
				789BF5112EA4A58200B5164D /* 2009 */,
				789BF5132EA4A58200B5164D /* 2010 */,
				789BF5162EA4A58200B5164D /* 2012 */,
				789BF5182EA4A58200B5164D /* 2015 */,
				789BF51A2EA4A58200B5164D /* 2019 */,
			);
			path = ipod;
			sourceTree = "<group>";
		};
		789BF5202EA4A58200B5164D /* 2020 */ = {
			isa = PBXGroup;
			children = (
				789BF51C2EA4A58200B5164D /* J273aAP.json */,
				789BF51D2EA4A58200B5164D /* J274AP.json */,
				789BF51E2EA4A58200B5164D /* J293AP.json */,
				789BF51F2EA4A58200B5164D /* J313AP.json */,
			);
			path = 2020;
			sourceTree = "<group>";
		};
		789BF5272EA4A58200B5164D /* 2021 */ = {
			isa = PBXGroup;
			children = (
				789BF5212EA4A58200B5164D /* J314cAP.json */,
				789BF5222EA4A58200B5164D /* J314sAP.json */,
				789BF5232EA4A58200B5164D /* J316cAP.json */,
				789BF5242EA4A58200B5164D /* J316sAP.json */,
				789BF5252EA4A58200B5164D /* J456AP.json */,
				789BF5262EA4A58200B5164D /* J457AP.json */,
			);
			path = 2021;
			sourceTree = "<group>";
		};
		789BF52C2EA4A58200B5164D /* 2022 */ = {
			isa = PBXGroup;
			children = (
				789BF5282EA4A58200B5164D /* J375cAP.json */,
				789BF5292EA4A58200B5164D /* J375dAP.json */,
				789BF52A2EA4A58200B5164D /* J413AP.json */,
				789BF52B2EA4A58200B5164D /* J493AP.json */,
			);
			path = 2022;
			sourceTree = "<group>";
		};
		789BF5402EA4A58200B5164D /* 2023 */ = {
			isa = PBXGroup;
			children = (
				789BF52D2EA4A58200B5164D /* J180dAP.json */,
				789BF52E2EA4A58200B5164D /* J414cAP.json */,
				789BF52F2EA4A58200B5164D /* J414sAP.json */,
				789BF5302EA4A58200B5164D /* J415AP.json */,
				789BF5312EA4A58200B5164D /* J416cAP.json */,
				789BF5322EA4A58200B5164D /* J416sAP.json */,
				789BF5332EA4A58200B5164D /* J433AP.json */,
				789BF5342EA4A58200B5164D /* J434AP.json */,
				789BF5352EA4A58200B5164D /* J473AP.json */,
				789BF5362EA4A58200B5164D /* J473sAP.json */,
				789BF5372EA4A58200B5164D /* J475cAP.json */,
				789BF5382EA4A58200B5164D /* J475dAP.json */,
				789BF5392EA4A58200B5164D /* J504AP.json */,
				789BF53A2EA4A58200B5164D /* J514cAP.json */,
				789BF53B2EA4A58200B5164D /* J514mAP.json */,
				789BF53C2EA4A58200B5164D /* J514sAP.json */,
				789BF53D2EA4A58200B5164D /* J516cAP.json */,
				789BF53E2EA4A58200B5164D /* J516mAP.json */,
				789BF53F2EA4A58200B5164D /* J516sAP.json */,
			);
			path = 2023;
			sourceTree = "<group>";
		};
		789BF54C2EA4A58200B5164D /* 2024 */ = {
			isa = PBXGroup;
			children = (
				789BF5412EA4A58200B5164D /* J604AP.json */,
				789BF5422EA4A58200B5164D /* J613AP.json */,
				789BF5432EA4A58200B5164D /* J614cAP.json */,
				789BF5442EA4A58200B5164D /* J614sAP.json */,
				789BF5452EA4A58200B5164D /* J615AP.json */,
				789BF5462EA4A58200B5164D /* J616cAP.json */,
				789BF5472EA4A58200B5164D /* J616sAP.json */,
				789BF5482EA4A58200B5164D /* J623AP.json */,
				789BF5492EA4A58200B5164D /* J624AP.json */,
				789BF54A2EA4A58200B5164D /* J773gAP.json */,
				789BF54B2EA4A58200B5164D /* J773sAP.json */,
			);
			path = 2024;
			sourceTree = "<group>";
		};
		789BF5522EA4A58200B5164D /* 2025 */ = {
			isa = PBXGroup;
			children = (
				789BF54D2EA4A58200B5164D /* J575cAP.json */,
				789BF54E2EA4A58200B5164D /* J575dAP.json */,
				789BF54F2EA4A58200B5164D /* J704AP.json */,
				789BF5502EA4A58200B5164D /* J713AP.json */,
				789BF5512EA4A58200B5164D /* J715AP.json */,
			);
			path = 2025;
			sourceTree = "<group>";
		};
		789BF5532EA4A58200B5164D /* mac */ = {
			isa = PBXGroup;
			children = (
				789BF5202EA4A58200B5164D /* 2020 */,
				789BF5272EA4A58200B5164D /* 2021 */,
				789BF52C2EA4A58200B5164D /* 2022 */,
				789BF5402EA4A58200B5164D /* 2023 */,
				789BF54C2EA4A58200B5164D /* 2024 */,
				789BF5522EA4A58200B5164D /* 2025 */,
			);
			path = mac;
			sourceTree = "<group>";
		};
		789BF5562EA4A58200B5164D /* 2013 */ = {
			isa = PBXGroup;
			children = (
				789BF5542EA4A58200B5164D /* B137AP.json */,
				789BF5552EA4A58200B5164D /* B165AP.json */,
			);
			path = 2013;
			sourceTree = "<group>";
		};
		789BF5582EA4A58200B5164D /* 2015 */ = {
			isa = PBXGroup;
			children = (
				789BF5572EA4A58200B5164D /* B222AP.json */,
			);
			path = 2015;
			sourceTree = "<group>";
		};
		789BF55A2EA4A58200B5164D /* 2016 */ = {
			isa = PBXGroup;
			children = (
				789BF5592EA4A58200B5164D /* B188AP.json */,
			);
			path = 2016;
			sourceTree = "<group>";
		};
		789BF55C2EA4A58200B5164D /* 2018 */ = {
			isa = PBXGroup;
			children = (
				789BF55B2EA4A58200B5164D /* B332AP.json */,
			);
			path = 2018;
			sourceTree = "<group>";
		};
		789BF5602EA4A58200B5164D /* 2019 */ = {
			isa = PBXGroup;
			children = (
				789BF55D2EA4A58200B5164D /* B288AP.json */,
				789BF55E2EA4A58200B5164D /* B298AP.json */,
				789BF55F2EA4A58200B5164D /* J290AP.json */,
			);
			path = 2019;
			sourceTree = "<group>";
		};
		789BF5622EA4A58200B5164D /* 2020 */ = {
			isa = PBXGroup;
			children = (
				789BF5612EA4A58200B5164D /* B515AP.json */,
			);
			path = 2020;
			sourceTree = "<group>";
		};
		789BF5662EA4A58200B5164D /* 2021 */ = {
			isa = PBXGroup;
			children = (
				789BF5632EA4A58200B5164D /* B389AP.json */,
				789BF5642EA4A58200B5164D /* B688AP.json */,
				789BF5652EA4A58200B5164D /* vmacos2ap.json */,
			);
			path = 2021;
			sourceTree = "<group>";
		};
		789BF5692EA4A58200B5164D /* 2022 */ = {
			isa = PBXGroup;
			children = (
				789BF5672EA4A58200B5164D /* B698AP.json */,
				789BF5682EA4A58200B5164D /* J327AP.json */,
			);
			path = 2022;
			sourceTree = "<group>";
		};
		789BF56C2EA4A58200B5164D /* 2023 */ = {
			isa = PBXGroup;
			children = (
				789BF56A2EA4A58200B5164D /* B482AP.json */,
				789BF56B2EA4A58200B5164D /* B698AP.json */,
			);
			path = 2023;
			sourceTree = "<group>";
		};
		789BF5742EA4A58200B5164D /* 2024 */ = {
			isa = PBXGroup;
			children = (
				789BF56D2EA4A58200B5164D /* B515AP.json */,
				789BF56E2EA4A58200B5164D /* B532AP.json */,
				789BF56F2EA4A58200B5164D /* B768EAP.json */,
				789BF5702EA4A58200B5164D /* B768MAP.json */,
				789BF5712EA4A58200B5164D /* J236cAP.json */,
				789BF5722EA4A58200B5164D /* N301AP.json */,
				789BF5732EA4A58200B5164D /* vresearch101ap.json */,
			);
			path = 2024;
			sourceTree = "<group>";
		};
		789BF5782EA4A58200B5164D /* 2025 */ = {
			isa = PBXGroup;
			children = (
				789BF5752EA4A58200B5164D /* B747AP.json */,
				789BF5762EA4A58200B5164D /* B788AP.json */,
				789BF5772EA4A58200B5164D /* N301aAP.json */,
			);
			path = 2025;
			sourceTree = "<group>";
		};
		789BF5792EA4A58200B5164D /* misc */ = {
			isa = PBXGroup;
			children = (
				789BF5562EA4A58200B5164D /* 2013 */,
				789BF5582EA4A58200B5164D /* 2015 */,
				789BF55A2EA4A58200B5164D /* 2016 */,
				789BF55C2EA4A58200B5164D /* 2018 */,
				789BF5602EA4A58200B5164D /* 2019 */,
				789BF5622EA4A58200B5164D /* 2020 */,
				789BF5662EA4A58200B5164D /* 2021 */,
				789BF5692EA4A58200B5164D /* 2022 */,
				789BF56C2EA4A58200B5164D /* 2023 */,
				789BF5742EA4A58200B5164D /* 2024 */,
				789BF5782EA4A58200B5164D /* 2025 */,
			);
			path = misc;
			sourceTree = "<group>";
		};
		789BF57C2EA4A58200B5164D /* 2015 */ = {
			isa = PBXGroup;
			children = (
				789BF57A2EA4A58200B5164D /* N27aAP.json */,
				789BF57B2EA4A58200B5164D /* N28aAP.json */,
			);
			path = 2015;
			sourceTree = "<group>";
		};
		789BF5812EA4A58200B5164D /* 2016 */ = {
			isa = PBXGroup;
			children = (
				789BF57D2EA4A58200B5164D /* N27dAP.json */,
				789BF57E2EA4A58200B5164D /* N28dAP.json */,
				789BF57F2EA4A58200B5164D /* N74AP.json */,
				789BF5802EA4A58200B5164D /* N75AP.json */,
			);
			path = 2016;
			sourceTree = "<group>";
		};
		789BF5862EA4A58200B5164D /* 2017 */ = {
			isa = PBXGroup;
			children = (
				789BF5822EA4A58200B5164D /* N111bAP.json */,
				789BF5832EA4A58200B5164D /* N111sAP.json */,
				789BF5842EA4A58200B5164D /* N121bAP.json */,
				789BF5852EA4A58200B5164D /* N121sAP.json */,
			);
			path = 2017;
			sourceTree = "<group>";
		};
		789BF58B2EA4A58200B5164D /* 2018 */ = {
			isa = PBXGroup;
			children = (
				789BF5872EA4A58200B5164D /* N131bAP.json */,
				789BF5882EA4A58200B5164D /* N131sAP.json */,
				789BF5892EA4A58200B5164D /* N141bAP.json */,
				789BF58A2EA4A58200B5164D /* N141sAP.json */,
			);
			path = 2018;
			sourceTree = "<group>";
		};
		789BF5902EA4A58200B5164D /* 2019 */ = {
			isa = PBXGroup;
			children = (
				789BF58C2EA4A58200B5164D /* N144bAP.json */,
				789BF58D2EA4A58200B5164D /* N144sAP.json */,
				789BF58E2EA4A58200B5164D /* N146bAP.json */,
				789BF58F2EA4A58200B5164D /* N146sAP.json */,
			);
			path = 2019;
			sourceTree = "<group>";
		};
		789BF5992EA4A58200B5164D /* 2020 */ = {
			isa = PBXGroup;
			children = (
				789BF5912EA4A58200B5164D /* N140bAP.json */,
				789BF5922EA4A58200B5164D /* N140sAP.json */,
				789BF5932EA4A58200B5164D /* N142bAP.json */,
				789BF5942EA4A58200B5164D /* N142sAP.json */,
				789BF5952EA4A58200B5164D /* N157bAP.json */,
				789BF5962EA4A58200B5164D /* N157sAP.json */,
				789BF5972EA4A58200B5164D /* N158bAP.json */,
				789BF5982EA4A58200B5164D /* N158sAP.json */,
			);
			path = 2020;
			sourceTree = "<group>";
		};
		789BF59E2EA4A58200B5164D /* 2021 */ = {
			isa = PBXGroup;
			children = (
				789BF59A2EA4A58200B5164D /* N187bAP.json */,
				789BF59B2EA4A58200B5164D /* N187sAP.json */,
				789BF59C2EA4A58200B5164D /* N188bAP.json */,
				789BF59D2EA4A58200B5164D /* N188sAP.json */,
			);
			path = 2021;
			sourceTree = "<group>";
		};
		789BF5A82EA4A58200B5164D /* 2022 */ = {
			isa = PBXGroup;
			children = (
				789BF59F2EA4A58200B5164D /* N143bAP.json */,
				789BF5A02EA4A58200B5164D /* N143sAP.json */,
				789BF5A12EA4A58200B5164D /* N149bAP.json */,
				789BF5A22EA4A58200B5164D /* N149sAP.json */,
				789BF5A32EA4A58200B5164D /* N197bAP.json */,
				789BF5A42EA4A58200B5164D /* N197sAP.json */,
				789BF5A52EA4A58200B5164D /* N198bAP.json */,
				789BF5A62EA4A58200B5164D /* N198sAP.json */,
				789BF5A72EA4A58200B5164D /* N199AP.json */,
			);
			path = 2022;
			sourceTree = "<group>";
		};
		789BF5AE2EA4A58200B5164D /* 2023 */ = {
			isa = PBXGroup;
			children = (
				789BF5A92EA4A58200B5164D /* N207bAP.json */,
				789BF5AA2EA4A58200B5164D /* N207sAP.json */,
				789BF5AB2EA4A58200B5164D /* N208bAP.json */,
				789BF5AC2EA4A58200B5164D /* N208sAP.json */,
				789BF5AD2EA4A58200B5164D /* N210AP.json */,
			);
			path = 2023;
			sourceTree = "<group>";
		};
		789BF5B32EA4A58200B5164D /* 2024 */ = {
			isa = PBXGroup;
			children = (
				789BF5AF2EA4A58200B5164D /* N217bAP.json */,
				789BF5B02EA4A58200B5164D /* N217sAP.json */,
				789BF5B12EA4A58200B5164D /* N218bAP.json */,
				789BF5B22EA4A58200B5164D /* N218sAP.json */,
			);
			path = 2024;
			sourceTree = "<group>";
		};
		789BF5BD2EA4A58200B5164D /* 2025 */ = {
			isa = PBXGroup;
			children = (
				789BF5B42EA4A58200B5164D /* N227bAP.json */,
				789BF5B52EA4A58200B5164D /* N227sAP.json */,
				789BF5B62EA4A58200B5164D /* N228bAP.json */,
				789BF5B72EA4A58200B5164D /* N228sAP.json */,
				789BF5B82EA4A58200B5164D /* N230AP.json */,
				789BF5B92EA4A58200B5164D /* N243bAP.json */,
				789BF5BA2EA4A58200B5164D /* N243sAP.json */,
				789BF5BB2EA4A58200B5164D /* N244bAP.json */,
				789BF5BC2EA4A58200B5164D /* N244sAP.json */,
			);
			path = 2025;
			sourceTree = "<group>";
		};
		789BF5BE2EA4A58200B5164D /* watch */ = {
			isa = PBXGroup;
			children = (
				789BF57C2EA4A58200B5164D /* 2015 */,
				789BF5812EA4A58200B5164D /* 2016 */,
				789BF5862EA4A58200B5164D /* 2017 */,
				789BF58B2EA4A58200B5164D /* 2018 */,
				789BF5902EA4A58200B5164D /* 2019 */,
				789BF5992EA4A58200B5164D /* 2020 */,
				789BF59E2EA4A58200B5164D /* 2021 */,
				789BF5A82EA4A58200B5164D /* 2022 */,
				789BF5AE2EA4A58200B5164D /* 2023 */,
				789BF5B32EA4A58200B5164D /* 2024 */,
				789BF5BD2EA4A58200B5164D /* 2025 */,
			);
			path = watch;
			sourceTree = "<group>";
		};
		789BF5BF2EA4A58200B5164D /* devices */ = {
			isa = PBXGroup;
			children = (
				789BF4232EA4A58200B5164D /* appletv */,
				789BF42B2EA4A58200B5164D /* audioaccessory */,
				789BF4432EA4A58200B5164D /* ibridge */,
				789BF4B62EA4A58200B5164D /* ipad */,
				789BF50B2EA4A58200B5164D /* iphone */,
				789BF51B2EA4A58200B5164D /* ipod */,
				789BF5532EA4A58200B5164D /* mac */,
				789BF5792EA4A58200B5164D /* misc */,
				789BF5BE2EA4A58200B5164D /* watch */,
			);
			path = devices;
			sourceTree = "<group>";
		};
		789BF5C22EA4A58200B5164D /* logs */ = {
			isa = PBXGroup;
			children = (
				789BF5C02EA4A58200B5164D /* missing_identifiers.log */,
				789BF5C12EA4A58200B5164D /* skipped_rows.log */,
			);
			path = logs;
			sourceTree = "<group>";
		};
		789BF5C72EA4A58200B5164D /* files */ = {
			isa = PBXGroup;
			children = (
				789BF5C22EA4A58200B5164D /* logs */,
				789BF5C32EA4A58200B5164D /* csv-to-json.py */,
				789BF5C42EA4A58200B5164D /* mapping-generator.py */,
				789BF5C52EA4A58200B5164D /* sheet.csv */,
				789BF5C62EA4A58200B5164D /* template.json */,
			);
			path = files;
			sourceTree = "<group>";
		};
		789BF5C92EA4A58200B5164D /* docs */ = {
			isa = PBXGroup;
			children = (
				789BF5C72EA4A58200B5164D /* files */,
				789BF5C82EA4A58200B5164D /* json-format.md */,
			);
			path = docs;
			sourceTree = "<group>";
		};
		789BF5CD2EA4A58200B5164D /* mappings */ = {
			isa = PBXGroup;
			children = (
				789BF5CA2EA4A58200B5164D /* boardconfigs.json */,
				789BF5CB2EA4A58200B5164D /* identifiers.json */,
				789BF5CC2EA4A58200B5164D /* models.json */,
			);
			path = mappings;
			sourceTree = "<group>";
		};
		789BF5D12EA4A58200B5164D /* dst */ = {
			isa = PBXGroup;
			children = (
				789BF5BF2EA4A58200B5164D /* devices */,
				789BF5C92EA4A58200B5164D /* docs */,
				789BF5CD2EA4A58200B5164D /* mappings */,
				789BF5CE2EA4A58200B5164D /* .gitignore */,
				789BF5CF2EA4A58200B5164D /* Labradorite-Server */,
				789BF5D02EA4A58200B5164D /* README.md */,
			);
			path = dst;
			sourceTree = "<group>";
		};
		789CEE352EA486230013070D = {
			isa = PBXGroup;
			children = (
				789CEE532EA49AA30013070D /* src */,
				789CEE3F2EA486230013070D /* Products */,
				789CEE972EA4A2C90013070D /* Codesigning.xcconfig */,
				789BF5D12EA4A58200B5164D /* dst */,
			);
			sourceTree = "<group>";
		};
		789CEE3F2EA486230013070D /* Products */ = {
			isa = PBXGroup;
			children = (
				789CEE3E2EA486230013070D /* labradorite-server */,
			);
			name = Products;
			sourceTree = "<group>";
		};
		789CEE532EA49AA30013070D /* src */ = {
			isa = PBXGroup;
			children = (
				789CEE642EA49C8A0013070D /* Handlers.swift */,
				789CEE752EA4A1110013070D /* Utilities */,
				789CEE502EA49AA30013070D /* main.swift */,
			);
			path = src;
			sourceTree = "<group>";
		};
		789CEE752EA4A1110013070D /* Utilities */ = {
			isa = PBXGroup;
			children = (
				789CEE702EA4A1110013070D /* Utilities.swift */,
				789CEE712EA4A1110013070D /* Utilities+Device.swift */,
				789CEE722EA4A1110013070D /* Utilities+HTTP.swift */,
				789CEE732EA4A1110013070D /* Utilities+JSON.swift */,
				789CEE742EA4A1110013070D /* Utilities+Memory.swift */,
			);
			path = Utilities;
			sourceTree = "<group>";
		};
/* End PBXGroup section */

/* Begin PBXNativeTarget section */
		789CEE3D2EA486230013070D /* labradorite-server */ = {
			isa = PBXNativeTarget;
			buildConfigurationList = 789CEE452EA486230013070D /* Build configuration list for PBXNativeTarget "labradorite-server" */;
			buildPhases = (
				789CEE3A2EA486230013070D /* Sources */,
				789CEE3B2EA486230013070D /* Frameworks */,
				789CEE3C2EA486230013070D /* CopyFiles */,
			);
			buildRules = (
			);
			name = "labradorite-server";
			productName = "Labradorite-Server";
			productReference = 789CEE3E2EA486230013070D /* labradorite-server */;
			productType = "com.apple.product-type.tool";
		};
/* End PBXNativeTarget section */

/* Begin PBXProject section */
		789CEE362EA486230013070D /* Project object */ = {
			isa = PBXProject;
			attributes = {
				BuildIndependentTargetsInParallel = 1;
				LastSwiftUpdateCheck = 2610;
				LastUpgradeCheck = 2610;
				TargetAttributes = {
					789CEE3D2EA486230013070D = {
						CreatedOnToolsVersion = 26.1;
					};
				};
			};
			buildConfigurationList = 789CEE392EA486230013070D /* Build configuration list for PBXProject "Labradorite-Server" */;
			developmentRegion = en;
			hasScannedForEncodings = 0;
			knownRegions = (
				en,
				Base,
			);
			mainGroup = 789CEE352EA486230013070D;
			minimizedProjectReferenceProxies = 1;
			preferredProjectObjectVersion = 90;
			productRefGroup = 789CEE3F2EA486230013070D /* Products */;
			projectDirPath = "";
			projectRoot = "";
			targets = (
				789CEE3D2EA486230013070D /* labradorite-server */,
			);
		};
/* End PBXProject section */

/* Begin PBXSourcesBuildPhase section */
		789CEE3A2EA486230013070D /* Sources */ = {
			isa = PBXSourcesBuildPhase;
			files = (
				789CEE762EA4A1110013070D /* Utilities.swift in Sources */,
				789CEE772EA4A1110013070D /* Utilities+Device.swift in Sources */,
				789CEE782EA4A1110013070D /* Utilities+HTTP.swift in Sources */,
				789CEE792EA4A1110013070D /* Utilities+JSON.swift in Sources */,
				789CEE7A2EA4A1110013070D /* Utilities+Memory.swift in Sources */,
				789CEE542EA49AA30013070D /* main.swift in Sources */,
				789CEE652EA49C8D0013070D /* Handlers.swift in Sources */,
			);
		};
/* End PBXSourcesBuildPhase section */

/* Begin XCBuildConfiguration section */
		789CEE432EA486230013070D /* Debug configuration for PBXProject "Labradorite-Server" */ = {
			isa = XCBuildConfiguration;
			baseConfigurationReference = 789CEE972EA4A2C90013070D /* Codesigning.xcconfig */;
			buildSettings = {
				ALWAYS_SEARCH_USER_PATHS = NO;
				ASSETCATALOG_COMPILER_GENERATE_SWIFT_ASSET_SYMBOL_EXTENSIONS = YES;
				CLANG_ANALYZER_NONNULL = YES;
				CLANG_ANALYZER_NUMBER_OBJECT_CONVERSION = YES_AGGRESSIVE;
				CLANG_CXX_LANGUAGE_STANDARD = "gnu++20";
				CLANG_ENABLE_MODULES = YES;
				CLANG_ENABLE_OBJC_ARC = YES;
				CLANG_ENABLE_OBJC_WEAK = YES;
				CLANG_WARN_BLOCK_CAPTURE_AUTORELEASING = YES;
				CLANG_WARN_BOOL_CONVERSION = YES;
				CLANG_WARN_COMMA = YES;
				CLANG_WARN_CONSTANT_CONVERSION = YES;
				CLANG_WARN_DEPRECATED_OBJC_IMPLEMENTATIONS = YES;
				CLANG_WARN_DIRECT_OBJC_ISA_USAGE = YES_ERROR;
				CLANG_WARN_DOCUMENTATION_COMMENTS = YES;
				CLANG_WARN_EMPTY_BODY = YES;
				CLANG_WARN_ENUM_CONVERSION = YES;
				CLANG_WARN_INFINITE_RECURSION = YES;
				CLANG_WARN_INT_CONVERSION = YES;
				CLANG_WARN_NON_LITERAL_NULL_CONVERSION = YES;
				CLANG_WARN_OBJC_IMPLICIT_RETAIN_SELF = YES;
				CLANG_WARN_OBJC_LITERAL_CONVERSION = YES;
				CLANG_WARN_OBJC_ROOT_CLASS = YES_ERROR;
				CLANG_WARN_QUOTED_INCLUDE_IN_FRAMEWORK_HEADER = YES;
				CLANG_WARN_RANGE_LOOP_ANALYSIS = YES;
				CLANG_WARN_STRICT_PROTOTYPES = YES;
				CLANG_WARN_SUSPICIOUS_MOVE = YES;
				CLANG_WARN_UNGUARDED_AVAILABILITY = YES_AGGRESSIVE;
				CLANG_WARN_UNREACHABLE_CODE = YES;
				CLANG_WARN__DUPLICATE_METHOD_MATCH = YES;
				COPY_PHASE_STRIP = NO;
				DEBUG_INFORMATION_FORMAT = dwarf;
				ENABLE_STRICT_OBJC_MSGSEND = YES;
				ENABLE_TESTABILITY = YES;
				ENABLE_USER_SCRIPT_SANDBOXING = YES;
				GCC_C_LANGUAGE_STANDARD = gnu17;
				GCC_DYNAMIC_NO_PIC = NO;
				GCC_NO_COMMON_BLOCKS = YES;
				GCC_OPTIMIZATION_LEVEL = 0;
				GCC_PREPROCESSOR_DEFINITIONS = (
					"DEBUG=1",
					"$(inherited)",
				);
				GCC_WARN_64_TO_32_BIT_CONVERSION = YES;
				GCC_WARN_ABOUT_RETURN_TYPE = YES_ERROR;
				GCC_WARN_UNDECLARED_SELECTOR = YES;
				GCC_WARN_UNINITIALIZED_AUTOS = YES_AGGRESSIVE;
				GCC_WARN_UNUSED_FUNCTION = YES;
				GCC_WARN_UNUSED_VARIABLE = YES;
				LOCALIZATION_PREFERS_STRING_CATALOGS = YES;
				MACOSX_DEPLOYMENT_TARGET = 26.1;
				MTL_ENABLE_DEBUG_INFO = INCLUDE_SOURCE;
				MTL_FAST_MATH = YES;
				ONLY_ACTIVE_ARCH = YES;
				SDKROOT = macosx;
				SWIFT_ACTIVE_COMPILATION_CONDITIONS = "DEBUG $(inherited)";
				SWIFT_OPTIMIZATION_LEVEL = "-Onone";
			};
			name = Debug;
		};
		789CEE442EA486230013070D /* Release configuration for PBXProject "Labradorite-Server" */ = {
			isa = XCBuildConfiguration;
			baseConfigurationReference = 789CEE972EA4A2C90013070D /* Codesigning.xcconfig */;
			buildSettings = {
				ALWAYS_SEARCH_USER_PATHS = NO;
				ASSETCATALOG_COMPILER_GENERATE_SWIFT_ASSET_SYMBOL_EXTENSIONS = YES;
				CLANG_ANALYZER_NONNULL = YES;
				CLANG_ANALYZER_NUMBER_OBJECT_CONVERSION = YES_AGGRESSIVE;
				CLANG_CXX_LANGUAGE_STANDARD = "gnu++20";
				CLANG_ENABLE_MODULES = YES;
				CLANG_ENABLE_OBJC_ARC = YES;
				CLANG_ENABLE_OBJC_WEAK = YES;
				CLANG_WARN_BLOCK_CAPTURE_AUTORELEASING = YES;
				CLANG_WARN_BOOL_CONVERSION = YES;
				CLANG_WARN_COMMA = YES;
				CLANG_WARN_CONSTANT_CONVERSION = YES;
				CLANG_WARN_DEPRECATED_OBJC_IMPLEMENTATIONS = YES;
				CLANG_WARN_DIRECT_OBJC_ISA_USAGE = YES_ERROR;
				CLANG_WARN_DOCUMENTATION_COMMENTS = YES;
				CLANG_WARN_EMPTY_BODY = YES;
				CLANG_WARN_ENUM_CONVERSION = YES;
				CLANG_WARN_INFINITE_RECURSION = YES;
				CLANG_WARN_INT_CONVERSION = YES;
				CLANG_WARN_NON_LITERAL_NULL_CONVERSION = YES;
				CLANG_WARN_OBJC_IMPLICIT_RETAIN_SELF = YES;
				CLANG_WARN_OBJC_LITERAL_CONVERSION = YES;
				CLANG_WARN_OBJC_ROOT_CLASS = YES_ERROR;
				CLANG_WARN_QUOTED_INCLUDE_IN_FRAMEWORK_HEADER = YES;
				CLANG_WARN_RANGE_LOOP_ANALYSIS = YES;
				CLANG_WARN_STRICT_PROTOTYPES = YES;
				CLANG_WARN_SUSPICIOUS_MOVE = YES;
				CLANG_WARN_UNGUARDED_AVAILABILITY = YES_AGGRESSIVE;
				CLANG_WARN_UNREACHABLE_CODE = YES;
				CLANG_WARN__DUPLICATE_METHOD_MATCH = YES;
				COPY_PHASE_STRIP = NO;
				DEBUG_INFORMATION_FORMAT = "dwarf-with-dsym";
				ENABLE_NS_ASSERTIONS = NO;
				ENABLE_STRICT_OBJC_MSGSEND = YES;
				ENABLE_USER_SCRIPT_SANDBOXING = YES;
				GCC_C_LANGUAGE_STANDARD = gnu17;
				GCC_NO_COMMON_BLOCKS = YES;
				GCC_WARN_64_TO_32_BIT_CONVERSION = YES;
				GCC_WARN_ABOUT_RETURN_TYPE = YES_ERROR;
				GCC_WARN_UNDECLARED_SELECTOR = YES;
				GCC_WARN_UNINITIALIZED_AUTOS = YES_AGGRESSIVE;
				GCC_WARN_UNUSED_FUNCTION = YES;
				GCC_WARN_UNUSED_VARIABLE = YES;
				LOCALIZATION_PREFERS_STRING_CATALOGS = YES;
				MACOSX_DEPLOYMENT_TARGET = 26.1;
				MTL_ENABLE_DEBUG_INFO = NO;
				MTL_FAST_MATH = YES;
				SDKROOT = macosx;
				SWIFT_COMPILATION_MODE = wholemodule;
			};
			name = Release;
		};
		789CEE462EA486230013070D /* Debug configuration for PBXNativeTarget "labradorite-server" */ = {
			isa = XCBuildConfiguration;
			baseConfigurationReference = 789CEE972EA4A2C90013070D /* Codesigning.xcconfig */;
			buildSettings = {
				CODE_SIGN_STYLE = "$(CODE_SIGN_STYLE)";
				DEVELOPMENT_TEAM = "$(DEVELOPMENT_TEAM)";
				IPHONEOS_DEPLOYMENT_TARGET = 14.0;
				MACOSX_DEPLOYMENT_TARGET = 11.0;
				PRODUCT_BUNDLE_IDENTIFIER = "$(APP_PREFIX).labradorite-server";
				PRODUCT_NAME = "$(TARGET_NAME)";
				SUPPORTED_PLATFORMS = "iphoneos iphonesimulator macosx";
				SUPPORTS_MACCATALYST = NO;
				SWIFT_APPROACHABLE_CONCURRENCY = YES;
				SWIFT_UPCOMING_FEATURE_MEMBER_IMPORT_VISIBILITY = YES;
				SWIFT_VERSION = 5.0;
				TARGETED_DEVICE_FAMILY = "1,2";
			};
			name = Debug;
		};
		789CEE472EA486230013070D /* Release configuration for PBXNativeTarget "labradorite-server" */ = {
			isa = XCBuildConfiguration;
			baseConfigurationReference = 789CEE972EA4A2C90013070D /* Codesigning.xcconfig */;
			buildSettings = {
				CODE_SIGN_STYLE = "$(CODE_SIGN_STYLE)";
				DEVELOPMENT_TEAM = "$(DEVELOPMENT_TEAM)";
				IPHONEOS_DEPLOYMENT_TARGET = 14.0;
				MACOSX_DEPLOYMENT_TARGET = 11.0;
				PRODUCT_BUNDLE_IDENTIFIER = "$(APP_PREFIX).labradorite-server";
				PRODUCT_NAME = "$(TARGET_NAME)";
				SUPPORTED_PLATFORMS = "iphoneos iphonesimulator macosx";
				SUPPORTS_MACCATALYST = NO;
				SWIFT_APPROACHABLE_CONCURRENCY = YES;
				SWIFT_UPCOMING_FEATURE_MEMBER_IMPORT_VISIBILITY = YES;
				SWIFT_VERSION = 5.0;
				TARGETED_DEVICE_FAMILY = "1,2";
			};
			name = Release;
		};
/* End XCBuildConfiguration section */

/* Begin XCConfigurationList section */
		789CEE392EA486230013070D /* Build configuration list for PBXProject "Labradorite-Server" */ = {
			isa = XCConfigurationList;
			buildConfigurations = (
				789CEE432EA486230013070D /* Debug configuration for PBXProject "Labradorite-Server" */,
				789CEE442EA486230013070D /* Release configuration for PBXProject "Labradorite-Server" */,
			);
			defaultConfigurationName = Release;
		};
		789CEE452EA486230013070D /* Build configuration list for PBXNativeTarget "labradorite-server" */ = {
			isa = XCConfigurationList;
			buildConfigurations = (
				789CEE462EA486230013070D /* Debug configuration for PBXNativeTarget "labradorite-server" */,
				789CEE472EA486230013070D /* Release configuration for PBXNativeTarget "labradorite-server" */,
			);
			defaultConfigurationName = Release;
		};
/* End XCConfigurationList section */
	};
	rootObject = 789CEE362EA486230013070D /* Project object */;
}
