// !$*UTF8*$!
{
	archiveVersion = 1;
	classes = {
	};
	objectVersion = 90;
	objects = {

/* Begin PBXBuildFile section */
		789CEE542EA49AA30013070D /* main.swift in Sources */ = {isa = PBXBuildFile; fileRef = 789CEE502EA49AA30013070D /* main.swift */; };
		789CEE652EA49C8D0013070D /* Handlers.swift in Sources */ = {isa = PBXBuildFile; fileRef = 789CEE642EA49C8A0013070D /* Handlers.swift */; };
		789CEE762EA4A1110013070D /* Utilities.swift in Sources */ = {isa = PBXBuildFile; fileRef = 789CEE702EA4A1110013070D /* Utilities.swift */; };
		789CEE772EA4A1110013070D /* Utilities+Device.swift in Sources */ = {isa = PBXBuildFile; fileRef = 789CEE712EA4A1110013070D /* Utilities+Device.swift */; };
		789CEE782EA4A1110013070D /* Utilities+HTTP.swift in Sources */ = {isa = PBXBuildFile; fileRef = 789CEE722EA4A1110013070D /* Utilities+HTTP.swift */; };
		789CEE792EA4A1110013070D /* Utilities+JSON.swift in Sources */ = {isa = PBXBuildFile; fileRef = 789CEE732EA4A1110013070D /* Utilities+JSON.swift */; };
		789CEE7A2EA4A1110013070D /* Utilities+Memory.swift in Sources */ = {isa = PBXBuildFile; fileRef = 789CEE742EA4A1110013070D /* Utilities+Memory.swift */; };
/* End PBXBuildFile section */

/* Begin PBXCopyFilesBuildPhase section */
		789CEE3C2EA486230013070D /* CopyFiles */ = {
			isa = PBXCopyFilesBuildPhase;
			dstPath = /usr/share/man/man1/;
			dstSubfolder = None;
			files = (
			);
			runOnlyForDeploymentPostprocessing = 1;
		};
/* End PBXCopyFilesBuildPhase section */

/* Begin PBXFileReference section */
		789CEE3E2EA486230013070D /* labradorite-server */ = {isa = PBXFileReference; explicitFileType = "compiled.mach-o.executable"; includeInIndex = 0; path = "labradorite-server"; sourceTree = BUILT_PRODUCTS_DIR; };
		789CEE502EA49AA30013070D /* main.swift */ = {isa = PBXFileReference; lastKnownFileType = sourcecode.swift; path = main.swift; sourceTree = "<group>"; };
		789CEE642EA49C8A0013070D /* Handlers.swift */ = {isa = PBXFileReference; lastKnownFileType = sourcecode.swift; path = Handlers.swift; sourceTree = "<group>"; };
		789CEE702EA4A1110013070D /* Utilities.swift */ = {isa = PBXFileReference; lastKnownFileType = sourcecode.swift; path = Utilities.swift; sourceTree = "<group>"; };
		789CEE712EA4A1110013070D /* Utilities+Device.swift */ = {isa = PBXFileReference; lastKnownFileType = sourcecode.swift; path = "Utilities+Device.swift"; sourceTree = "<group>"; };
		789CEE722EA4A1110013070D /* Utilities+HTTP.swift */ = {isa = PBXFileReference; lastKnownFileType = sourcecode.swift; path = "Utilities+HTTP.swift"; sourceTree = "<group>"; };
		789CEE732EA4A1110013070D /* Utilities+JSON.swift */ = {isa = PBXFileReference; lastKnownFileType = sourcecode.swift; path = "Utilities+JSON.swift"; sourceTree = "<group>"; };
		789CEE742EA4A1110013070D /* Utilities+Memory.swift */ = {isa = PBXFileReference; lastKnownFileType = sourcecode.swift; path = "Utilities+Memory.swift"; sourceTree = "<group>"; };
		789CEE972EA4A2C90013070D /* Codesigning.xcconfig */ = {isa = PBXFileReference; lastKnownFileType = text.xcconfig; name = Codesigning.xcconfig; path = ../Codesigning.xcconfig; sourceTree = SOURCE_ROOT; };
/* End PBXFileReference section */

/* Begin PBXFrameworksBuildPhase section */
		789CEE3B2EA486230013070D /* Frameworks */ = {
			isa = PBXFrameworksBuildPhase;
			files = (
			);
		};
/* End PBXFrameworksBuildPhase section */

/* Begin PBXGroup section */
		789CEE352EA486230013070D = {
			isa = PBXGroup;
			children = (
				789CEE532EA49AA30013070D /* src */,
				789CEE3F2EA486230013070D /* Products */,
				789CEE972EA4A2C90013070D /* Codesigning.xcconfig */,
			);
			sourceTree = "<group>";
		};
		789CEE3F2EA486230013070D /* Products */ = {
			isa = PBXGroup;
			children = (
				789CEE3E2EA486230013070D /* labradorite-server */,
			);
			name = Products;
			sourceTree = "<group>";
		};
		789CEE532EA49AA30013070D /* src */ = {
			isa = PBXGroup;
			children = (
				789CEE642EA49C8A0013070D /* Handlers.swift */,
				789CEE752EA4A1110013070D /* Utilities */,
				789CEE502EA49AA30013070D /* main.swift */,
			);
			path = src;
			sourceTree = "<group>";
		};
		789CEE752EA4A1110013070D /* Utilities */ = {
			isa = PBXGroup;
			children = (
				789CEE702EA4A1110013070D /* Utilities.swift */,
				789CEE712EA4A1110013070D /* Utilities+Device.swift */,
				789CEE722EA4A1110013070D /* Utilities+HTTP.swift */,
				789CEE732EA4A1110013070D /* Utilities+JSON.swift */,
				789CEE742EA4A1110013070D /* Utilities+Memory.swift */,
			);
			path = Utilities;
			sourceTree = "<group>";
		};
/* End PBXGroup section */

/* Begin PBXNativeTarget section */
		789CEE3D2EA486230013070D /* labradorite-server */ = {
			isa = PBXNativeTarget;
			buildConfigurationList = 789CEE452EA486230013070D /* Build configuration list for PBXNativeTarget "labradorite-server" */;
			buildPhases = (
				789CEE3A2EA486230013070D /* Sources */,
				789CEE3B2EA486230013070D /* Frameworks */,
				789CEE3C2EA486230013070D /* CopyFiles */,
			);
			buildRules = (
			);
			name = "labradorite-server";
			productName = "Labradorite-Server";
			productReference = 789CEE3E2EA486230013070D /* labradorite-server */;
			productType = "com.apple.product-type.tool";
		};
/* End PBXNativeTarget section */

/* Begin PBXProject section */
		789CEE362EA486230013070D /* Project object */ = {
			isa = PBXProject;
			attributes = {
				BuildIndependentTargetsInParallel = 1;
				LastSwiftUpdateCheck = 2610;
				LastUpgradeCheck = 2610;
				TargetAttributes = {
					789CEE3D2EA486230013070D = {
						CreatedOnToolsVersion = 26.1;
					};
				};
			};
			buildConfigurationList = 789CEE392EA486230013070D /* Build configuration list for PBXProject "Labradorite-Server" */;
			developmentRegion = en;
			hasScannedForEncodings = 0;
			knownRegions = (
				en,
				Base,
			);
			mainGroup = 789CEE352EA486230013070D;
			minimizedProjectReferenceProxies = 1;
			preferredProjectObjectVersion = 90;
			productRefGroup = 789CEE3F2EA486230013070D /* Products */;
			projectDirPath = "";
			projectRoot = "";
			targets = (
				789CEE3D2EA486230013070D /* labradorite-server */,
			);
		};
/* End PBXProject section */

/* Begin PBXSourcesBuildPhase section */
		789CEE3A2EA486230013070D /* Sources */ = {
			isa = PBXSourcesBuildPhase;
			files = (
				789CEE762EA4A1110013070D /* Utilities.swift in Sources */,
				789CEE772EA4A1110013070D /* Utilities+Device.swift in Sources */,
				789CEE782EA4A1110013070D /* Utilities+HTTP.swift in Sources */,
				789CEE792EA4A1110013070D /* Utilities+JSON.swift in Sources */,
				789CEE7A2EA4A1110013070D /* Utilities+Memory.swift in Sources */,
				789CEE542EA49AA30013070D /* main.swift in Sources */,
				789CEE652EA49C8D0013070D /* Handlers.swift in Sources */,
			);
		};
/* End PBXSourcesBuildPhase section */

/* Begin XCBuildConfiguration section */
		789CEE432EA486230013070D /* Debug configuration for PBXProject "Labradorite-Server" */ = {
			isa = XCBuildConfiguration;
			baseConfigurationReference = 789CEE972EA4A2C90013070D /* Codesigning.xcconfig */;
			buildSettings = {
				ALWAYS_SEARCH_USER_PATHS = NO;
				ASSETCATALOG_COMPILER_GENERATE_SWIFT_ASSET_SYMBOL_EXTENSIONS = YES;
				CLANG_ANALYZER_NONNULL = YES;
				CLANG_ANALYZER_NUMBER_OBJECT_CONVERSION = YES_AGGRESSIVE;
				CLANG_CXX_LANGUAGE_STANDARD = "gnu++20";
				CLANG_ENABLE_MODULES = YES;
				CLANG_ENABLE_OBJC_ARC = YES;
				CLANG_ENABLE_OBJC_WEAK = YES;
				CLANG_WARN_BLOCK_CAPTURE_AUTORELEASING = YES;
				CLANG_WARN_BOOL_CONVERSION = YES;
				CLANG_WARN_COMMA = YES;
				CLANG_WARN_CONSTANT_CONVERSION = YES;
				CLANG_WARN_DEPRECATED_OBJC_IMPLEMENTATIONS = YES;
				CLANG_WARN_DIRECT_OBJC_ISA_USAGE = YES_ERROR;
				CLANG_WARN_DOCUMENTATION_COMMENTS = YES;
				CLANG_WARN_EMPTY_BODY = YES;
				CLANG_WARN_ENUM_CONVERSION = YES;
				CLANG_WARN_INFINITE_RECURSION = YES;
				CLANG_WARN_INT_CONVERSION = YES;
				CLANG_WARN_NON_LITERAL_NULL_CONVERSION = YES;
				CLANG_WARN_OBJC_IMPLICIT_RETAIN_SELF = YES;
				CLANG_WARN_OBJC_LITERAL_CONVERSION = YES;
				CLANG_WARN_OBJC_ROOT_CLASS = YES_ERROR;
				CLANG_WARN_QUOTED_INCLUDE_IN_FRAMEWORK_HEADER = YES;
				CLANG_WARN_RANGE_LOOP_ANALYSIS = YES;
				CLANG_WARN_STRICT_PROTOTYPES = YES;
				CLANG_WARN_SUSPICIOUS_MOVE = YES;
				CLANG_WARN_UNGUARDED_AVAILABILITY = YES_AGGRESSIVE;
				CLANG_WARN_UNREACHABLE_CODE = YES;
				CLANG_WARN__DUPLICATE_METHOD_MATCH = YES;
				COPY_PHASE_STRIP = NO;
				DEBUG_INFORMATION_FORMAT = dwarf;
				ENABLE_STRICT_OBJC_MSGSEND = YES;
				ENABLE_TESTABILITY = YES;
				ENABLE_USER_SCRIPT_SANDBOXING = YES;
				GCC_C_LANGUAGE_STANDARD = gnu17;
				GCC_DYNAMIC_NO_PIC = NO;
				GCC_NO_COMMON_BLOCKS = YES;
				GCC_OPTIMIZATION_LEVEL = 0;
				GCC_PREPROCESSOR_DEFINITIONS = (
					"DEBUG=1",
					"$(inherited)",
				);
				GCC_WARN_64_TO_32_BIT_CONVERSION = YES;
				GCC_WARN_ABOUT_RETURN_TYPE = YES_ERROR;
				GCC_WARN_UNDECLARED_SELECTOR = YES;
				GCC_WARN_UNINITIALIZED_AUTOS = YES_AGGRESSIVE;
				GCC_WARN_UNUSED_FUNCTION = YES;
				GCC_WARN_UNUSED_VARIABLE = YES;
				LOCALIZATION_PREFERS_STRING_CATALOGS = YES;
				MACOSX_DEPLOYMENT_TARGET = 26.1;
				MTL_ENABLE_DEBUG_INFO = INCLUDE_SOURCE;
				MTL_FAST_MATH = YES;
				ONLY_ACTIVE_ARCH = YES;
				SDKROOT = macosx;
				SWIFT_ACTIVE_COMPILATION_CONDITIONS = "DEBUG $(inherited)";
				SWIFT_OPTIMIZATION_LEVEL = "-Onone";
			};
			name = Debug;
		};
		789CEE442EA486230013070D /* Release configuration for PBXProject "Labradorite-Server" */ = {
			isa = XCBuildConfiguration;
			baseConfigurationReference = 789CEE972EA4A2C90013070D /* Codesigning.xcconfig */;
			buildSettings = {
				ALWAYS_SEARCH_USER_PATHS = NO;
				ASSETCATALOG_COMPILER_GENERATE_SWIFT_ASSET_SYMBOL_EXTENSIONS = YES;
				CLANG_ANALYZER_NONNULL = YES;
				CLANG_ANALYZER_NUMBER_OBJECT_CONVERSION = YES_AGGRESSIVE;
				CLANG_CXX_LANGUAGE_STANDARD = "gnu++20";
				CLANG_ENABLE_MODULES = YES;
				CLANG_ENABLE_OBJC_ARC = YES;
				CLANG_ENABLE_OBJC_WEAK = YES;
				CLANG_WARN_BLOCK_CAPTURE_AUTORELEASING = YES;
				CLANG_WARN_BOOL_CONVERSION = YES;
				CLANG_WARN_COMMA = YES;
				CLANG_WARN_CONSTANT_CONVERSION = YES;
				CLANG_WARN_DEPRECATED_OBJC_IMPLEMENTATIONS = YES;
				CLANG_WARN_DIRECT_OBJC_ISA_USAGE = YES_ERROR;
				CLANG_WARN_DOCUMENTATION_COMMENTS = YES;
				CLANG_WARN_EMPTY_BODY = YES;
				CLANG_WARN_ENUM_CONVERSION = YES;
				CLANG_WARN_INFINITE_RECURSION = YES;
				CLANG_WARN_INT_CONVERSION = YES;
				CLANG_WARN_NON_LITERAL_NULL_CONVERSION = YES;
				CLANG_WARN_OBJC_IMPLICIT_RETAIN_SELF = YES;
				CLANG_WARN_OBJC_LITERAL_CONVERSION = YES;
				CLANG_WARN_OBJC_ROOT_CLASS = YES_ERROR;
				CLANG_WARN_QUOTED_INCLUDE_IN_FRAMEWORK_HEADER = YES;
				CLANG_WARN_RANGE_LOOP_ANALYSIS = YES;
				CLANG_WARN_STRICT_PROTOTYPES = YES;
				CLANG_WARN_SUSPICIOUS_MOVE = YES;
				CLANG_WARN_UNGUARDED_AVAILABILITY = YES_AGGRESSIVE;
				CLANG_WARN_UNREACHABLE_CODE = YES;
				CLANG_WARN__DUPLICATE_METHOD_MATCH = YES;
				COPY_PHASE_STRIP = NO;
				DEBUG_INFORMATION_FORMAT = "dwarf-with-dsym";
				ENABLE_NS_ASSERTIONS = NO;
				ENABLE_STRICT_OBJC_MSGSEND = YES;
				ENABLE_USER_SCRIPT_SANDBOXING = YES;
				GCC_C_LANGUAGE_STANDARD = gnu17;
				GCC_NO_COMMON_BLOCKS = YES;
				GCC_WARN_64_TO_32_BIT_CONVERSION = YES;
				GCC_WARN_ABOUT_RETURN_TYPE = YES_ERROR;
				GCC_WARN_UNDECLARED_SELECTOR = YES;
				GCC_WARN_UNINITIALIZED_AUTOS = YES_AGGRESSIVE;
				GCC_WARN_UNUSED_FUNCTION = YES;
				GCC_WARN_UNUSED_VARIABLE = YES;
				LOCALIZATION_PREFERS_STRING_CATALOGS = YES;
				MACOSX_DEPLOYMENT_TARGET = 26.1;
				MTL_ENABLE_DEBUG_INFO = NO;
				MTL_FAST_MATH = YES;
				SDKROOT = macosx;
				SWIFT_COMPILATION_MODE = wholemodule;
			};
			name = Release;
		};
		789CEE462EA486230013070D /* Debug configuration for PBXNativeTarget "labradorite-server" */ = {
			isa = XCBuildConfiguration;
			baseConfigurationReference = 789CEE972EA4A2C90013070D /* Codesigning.xcconfig */;
			buildSettings = {
				CODE_SIGN_STYLE = "$(CODE_SIGN_STYLE)";
				DEVELOPMENT_TEAM = "$(DEVELOPMENT_TEAM)";
				IPHONEOS_DEPLOYMENT_TARGET = 14.0;
				MACOSX_DEPLOYMENT_TARGET = 11.0;
				PRODUCT_BUNDLE_IDENTIFIER = "$(APP_PREFIX).labradorite-server";
				PRODUCT_NAME = "$(TARGET_NAME)";
				SUPPORTED_PLATFORMS = "iphoneos iphonesimulator macosx";
				SUPPORTS_MACCATALYST = NO;
				SWIFT_APPROACHABLE_CONCURRENCY = YES;
				SWIFT_UPCOMING_FEATURE_MEMBER_IMPORT_VISIBILITY = YES;
				SWIFT_VERSION = 5.0;
				TARGETED_DEVICE_FAMILY = "1,2";
			};
			name = Debug;
		};
		789CEE472EA486230013070D /* Release configuration for PBXNativeTarget "labradorite-server" */ = {
			isa = XCBuildConfiguration;
			baseConfigurationReference = 789CEE972EA4A2C90013070D /* Codesigning.xcconfig */;
			buildSettings = {
				CODE_SIGN_STYLE = "$(CODE_SIGN_STYLE)";
				DEVELOPMENT_TEAM = "$(DEVELOPMENT_TEAM)";
				IPHONEOS_DEPLOYMENT_TARGET = 14.0;
				MACOSX_DEPLOYMENT_TARGET = 11.0;
				PRODUCT_BUNDLE_IDENTIFIER = "$(APP_PREFIX).labradorite-server";
				PRODUCT_NAME = "$(TARGET_NAME)";
				SUPPORTED_PLATFORMS = "iphoneos iphonesimulator macosx";
				SUPPORTS_MACCATALYST = NO;
				SWIFT_APPROACHABLE_CONCURRENCY = YES;
				SWIFT_UPCOMING_FEATURE_MEMBER_IMPORT_VISIBILITY = YES;
				SWIFT_VERSION = 5.0;
				TARGETED_DEVICE_FAMILY = "1,2";
			};
			name = Release;
		};
/* End XCBuildConfiguration section */

/* Begin XCConfigurationList section */
		789CEE392EA486230013070D /* Build configuration list for PBXProject "Labradorite-Server" */ = {
			isa = XCConfigurationList;
			buildConfigurations = (
				789CEE432EA486230013070D /* Debug configuration for PBXProject "Labradorite-Server" */,
				789CEE442EA486230013070D /* Release configuration for PBXProject "Labradorite-Server" */,
			);
			defaultConfigurationName = Release;
		};
		789CEE452EA486230013070D /* Build configuration list for PBXNativeTarget "labradorite-server" */ = {
			isa = XCConfigurationList;
			buildConfigurations = (
				789CEE462EA486230013070D /* Debug configuration for PBXNativeTarget "labradorite-server" */,
				789CEE472EA486230013070D /* Release configuration for PBXNativeTarget "labradorite-server" */,
			);
			defaultConfigurationName = Release;
		};
/* End XCConfigurationList section */
	};
	rootObject = 789CEE362EA486230013070D /* Project object */;
}
